
Microsoft Visual Studio Solution File, Format Version 12.00
# Visual Studio 15
VisualStudioVersion = 15.0.27130.2003
MinimumVisualStudioVersion = 10.0.40219.1
Project("{8BC9CEB8-8B4A-11D0-8D11-00A0C91BC942}") = "zlib", "3rd-party\zlib\zlib.vcxproj", "{CA2604CA-A2AC-49A1-A468-8AB5A2E6CBC9}"
EndProject
Project("{8BC9CEB8-8B4A-11D0-8D11-00A0C91BC942}") = "ode", "3rd-party\ode\default.vcxproj", "{1BF75FEB-87DD-486C-880B-227987D191C2}"
EndProject
Project("{2150E333-8FDC-42A3-9474-1A3956D46DE8}") = "nvTexturesTools", "nvTexturesTools", "{24270FFF-9DFE-4806-8B16-BBD81266C2BF}"
EndProject
Project("{8BC9CEB8-8B4A-11D0-8D11-00A0C91BC942}") = "nvcore", "3rd-party\nvtt\vc12\nvcore\nvcore.vcxproj", "{F143D180-D4C4-4037-B3DE-BE89A21C8D1D}"
EndProject
Project("{8BC9CEB8-8B4A-11D0-8D11-00A0C91BC942}") = "nvimage", "3rd-party\nvtt\vc12\nvimage\nvimage.vcxproj", "{4046F392-A18B-4C66-9639-3EABFFF5D531}"
	ProjectSection(ProjectDependencies) = postProject
		{F143D180-D4C4-4037-B3DE-BE89A21C8D1D} = {F143D180-D4C4-4037-B3DE-BE89A21C8D1D}
	EndProjectSection
EndProject
Project("{8BC9CEB8-8B4A-11D0-8D11-00A0C91BC942}") = "nvmath", "3rd-party\nvtt\vc12\nvmath\nvmath.vcxproj", "{50C465FE-B308-42BC-894D-89484482AF06}"
	ProjectSection(ProjectDependencies) = postProject
		{F143D180-D4C4-4037-B3DE-BE89A21C8D1D} = {F143D180-D4C4-4037-B3DE-BE89A21C8D1D}
	EndProjectSection
EndProject
Project("{8BC9CEB8-8B4A-11D0-8D11-00A0C91BC942}") = "squish", "3rd-party\nvtt\vc12\squish\squish.vcxproj", "{CE017322-01FC-4851-9C8B-64E9A8E26C38}"
EndProject
Project("{8BC9CEB8-8B4A-11D0-8D11-00A0C91BC942}") = "nvtt", "3rd-party\nvtt\vc12\nvtt\nvtt.vcxproj", "{1AEB7681-57D8-48EE-813D-5C41CC38B647}"
	ProjectSection(ProjectDependencies) = postProject
		{CE017322-01FC-4851-9C8B-64E9A8E26C38} = {CE017322-01FC-4851-9C8B-64E9A8E26C38}
		{F143D180-D4C4-4037-B3DE-BE89A21C8D1D} = {F143D180-D4C4-4037-B3DE-BE89A21C8D1D}
		{4046F392-A18B-4C66-9639-3EABFFF5D531} = {4046F392-A18B-4C66-9639-3EABFFF5D531}
		{50C465FE-B308-42BC-894D-89484482AF06} = {50C465FE-B308-42BC-894D-89484482AF06}
	EndProjectSection
EndProject
Project("{8BC9CEB8-8B4A-11D0-8D11-00A0C91BC942}") = "OPCODE", "3rd-party\OPCODE\OPCODE.vcxproj", "{AE0574E2-BE4C-49B0-98A6-739176D69277}"
EndProject
Project("{8BC9CEB8-8B4A-11D0-8D11-00A0C91BC942}") = "LWO", "3rd-party\lwo\LWO.vcxproj", "{A6EBBBBB-5FEF-4C20-8460-DFAB11734DED}"
EndProject
Project("{8BC9CEB8-8B4A-11D0-8D11-00A0C91BC942}") = "LwSDK", "3rd-party\lwdk\source\source.vcxproj", "{64ED3039-C2AD-4EDF-A058-7660E7C4E10C}"
EndProject
Project("{8BC9CEB8-8B4A-11D0-8D11-00A0C91BC942}") = "WildMagic", "3rd-party\WildMagic\WildMagic.vcxproj", "{35448F1E-E96F-40A2-8F46-6FB1D8DFF1F1}"
EndProject
Project("{8BC9CEB8-8B4A-11D0-8D11-00A0C91BC942}") = "sound_static", "SDK\sources\libogg-1.3.2\libogg_static.vcxproj", "{15CBFEFF-7965-41F5-B4E2-21E8795C9159}"
EndProject
Project("{2150E333-8FDC-42A3-9474-1A3956D46DE8}") = "nvSDK", "nvSDK", "{CD44A717-A7D0-4994-A0B2-2447CA29CAE8}"
EndProject
Project("{8BC9CEB8-8B4A-11D0-8D11-00A0C91BC942}") = "nvAPI", "3rd-party\nvAPI\nvAPI.vcxproj", "{96CDA44A-6F93-4D6A-A225-FD487C8A2116}"
EndProject
Project("{2150E333-8FDC-42A3-9474-1A3956D46DE8}") = "LW", "LW", "{5D392A4F-032D-4438-8140-DE2E644B81A0}"
EndProject
Project("{2150E333-8FDC-42A3-9474-1A3956D46DE8}") = "Physics", "Physics", "{6F6D9B39-D4C7-495D-A20D-95C5FD96EB34}"
EndProject
Project("{8BC9CEB8-8B4A-11D0-8D11-00A0C91BC942}") = "Effects11", "3rd-party\FX11\Effects11_2017_Win10.vcxproj", "{DF460EAB-570D-4B50-9089-2E2FC801BF38}"
EndProject
Global
	GlobalSection(SolutionConfigurationPlatforms) = preSolution
		Debug|x64 = Debug|x64
		Release_AI32|x64 = Release_AI32|x64
		Release|x64 = Release|x64
	EndGlobalSection
	GlobalSection(ProjectConfigurationPlatforms) = postSolution
		{CA2604CA-A2AC-49A1-A468-8AB5A2E6CBC9}.Debug|x64.ActiveCfg = Debug|x64
		{CA2604CA-A2AC-49A1-A468-8AB5A2E6CBC9}.Debug|x64.Build.0 = Debug|x64
		{CA2604CA-A2AC-49A1-A468-8AB5A2E6CBC9}.Release_AI32|x64.ActiveCfg = Release_AI32|x64
		{CA2604CA-A2AC-49A1-A468-8AB5A2E6CBC9}.Release_AI32|x64.Build.0 = Release_AI32|x64
		{CA2604CA-A2AC-49A1-A468-8AB5A2E6CBC9}.Release|x64.ActiveCfg = Release|x64
		{CA2604CA-A2AC-49A1-A468-8AB5A2E6CBC9}.Release|x64.Build.0 = Release|x64
		{1BF75FEB-87DD-486C-880B-227987D191C2}.Debug|x64.ActiveCfg = Debug|x64
		{1BF75FEB-87DD-486C-880B-227987D191C2}.Debug|x64.Build.0 = Debug|x64
		{1BF75FEB-87DD-486C-880B-227987D191C2}.Release_AI32|x64.ActiveCfg = Release_AI32|x64
		{1BF75FEB-87DD-486C-880B-227987D191C2}.Release_AI32|x64.Build.0 = Release_AI32|x64
		{1BF75FEB-87DD-486C-880B-227987D191C2}.Release|x64.ActiveCfg = Release|x64
		{1BF75FEB-87DD-486C-880B-227987D191C2}.Release|x64.Build.0 = Release|x64
		{F143D180-D4C4-4037-B3DE-BE89A21C8D1D}.Debug|x64.ActiveCfg = Debug|x64
		{F143D180-D4C4-4037-B3DE-BE89A21C8D1D}.Debug|x64.Build.0 = Debug|x64
		{F143D180-D4C4-4037-B3DE-BE89A21C8D1D}.Release_AI32|x64.ActiveCfg = Release|x64
		{F143D180-D4C4-4037-B3DE-BE89A21C8D1D}.Release_AI32|x64.Build.0 = Release|x64
		{F143D180-D4C4-4037-B3DE-BE89A21C8D1D}.Release|x64.ActiveCfg = Release|x64
		{F143D180-D4C4-4037-B3DE-BE89A21C8D1D}.Release|x64.Build.0 = Release|x64
		{4046F392-A18B-4C66-9639-3EABFFF5D531}.Debug|x64.ActiveCfg = Debug|x64
		{4046F392-A18B-4C66-9639-3EABFFF5D531}.Debug|x64.Build.0 = Debug|x64
		{4046F392-A18B-4C66-9639-3EABFFF5D531}.Release_AI32|x64.ActiveCfg = Release|x64
		{4046F392-A18B-4C66-9639-3EABFFF5D531}.Release_AI32|x64.Build.0 = Release|x64
		{4046F392-A18B-4C66-9639-3EABFFF5D531}.Release|x64.ActiveCfg = Release|x64
		{4046F392-A18B-4C66-9639-3EABFFF5D531}.Release|x64.Build.0 = Release|x64
		{50C465FE-B308-42BC-894D-89484482AF06}.Debug|x64.ActiveCfg = Debug|x64
		{50C465FE-B308-42BC-894D-89484482AF06}.Debug|x64.Build.0 = Debug|x64
		{50C465FE-B308-42BC-894D-89484482AF06}.Release_AI32|x64.ActiveCfg = Release|x64
		{50C465FE-B308-42BC-894D-89484482AF06}.Release_AI32|x64.Build.0 = Release|x64
		{50C465FE-B308-42BC-894D-89484482AF06}.Release|x64.ActiveCfg = Release|x64
		{50C465FE-B308-42BC-894D-89484482AF06}.Release|x64.Build.0 = Release|x64
		{CE017322-01FC-4851-9C8B-64E9A8E26C38}.Debug|x64.ActiveCfg = Debug|x64
		{CE017322-01FC-4851-9C8B-64E9A8E26C38}.Debug|x64.Build.0 = Debug|x64
		{CE017322-01FC-4851-9C8B-64E9A8E26C38}.Release_AI32|x64.ActiveCfg = Release|x64
		{CE017322-01FC-4851-9C8B-64E9A8E26C38}.Release_AI32|x64.Build.0 = Release|x64
		{CE017322-01FC-4851-9C8B-64E9A8E26C38}.Release|x64.ActiveCfg = Release|x64
		{CE017322-01FC-4851-9C8B-64E9A8E26C38}.Release|x64.Build.0 = Release|x64
		{1AEB7681-57D8-48EE-813D-5C41CC38B647}.Debug|x64.ActiveCfg = Debug|x64
		{1AEB7681-57D8-48EE-813D-5C41CC38B647}.Debug|x64.Build.0 = Debug|x64
		{1AEB7681-57D8-48EE-813D-5C41CC38B647}.Release_AI32|x64.ActiveCfg = Release|x64
		{1AEB7681-57D8-48EE-813D-5C41CC38B647}.Release_AI32|x64.Build.0 = Release|x64
		{1AEB7681-57D8-48EE-813D-5C41CC38B647}.Release|x64.ActiveCfg = Release|x64
		{1AEB7681-57D8-48EE-813D-5C41CC38B647}.Release|x64.Build.0 = Release|x64
		{AE0574E2-BE4C-49B0-98A6-739176D69277}.Debug|x64.ActiveCfg = Debug|x64
		{AE0574E2-BE4C-49B0-98A6-739176D69277}.Debug|x64.Build.0 = Debug|x64
		{AE0574E2-BE4C-49B0-98A6-739176D69277}.Release_AI32|x64.ActiveCfg = Release_AI32|x64
		{AE0574E2-BE4C-49B0-98A6-739176D69277}.Release_AI32|x64.Build.0 = Release_AI32|x64
		{AE0574E2-BE4C-49B0-98A6-739176D69277}.Release|x64.ActiveCfg = Release|x64
		{AE0574E2-BE4C-49B0-98A6-739176D69277}.Release|x64.Build.0 = Release|x64
		{A6EBBBBB-5FEF-4C20-8460-DFAB11734DED}.Debug|x64.ActiveCfg = Debug|x64
		{A6EBBBBB-5FEF-4C20-8460-DFAB11734DED}.Debug|x64.Build.0 = Debug|x64
		{A6EBBBBB-5FEF-4C20-8460-DFAB11734DED}.Release_AI32|x64.ActiveCfg = Release|x64
		{A6EBBBBB-5FEF-4C20-8460-DFAB11734DED}.Release_AI32|x64.Build.0 = Release|x64
		{A6EBBBBB-5FEF-4C20-8460-DFAB11734DED}.Release|x64.ActiveCfg = Release|x64
		{A6EBBBBB-5FEF-4C20-8460-DFAB11734DED}.Release|x64.Build.0 = Release|x64
		{64ED3039-C2AD-4EDF-A058-7660E7C4E10C}.Debug|x64.ActiveCfg = Debug|x64
		{64ED3039-C2AD-4EDF-A058-7660E7C4E10C}.Debug|x64.Build.0 = Debug|x64
		{64ED3039-C2AD-4EDF-A058-7660E7C4E10C}.Release_AI32|x64.ActiveCfg = Release|x64
		{64ED3039-C2AD-4EDF-A058-7660E7C4E10C}.Release_AI32|x64.Build.0 = Release|x64
		{64ED3039-C2AD-4EDF-A058-7660E7C4E10C}.Release|x64.ActiveCfg = Release|x64
		{64ED3039-C2AD-4EDF-A058-7660E7C4E10C}.Release|x64.Build.0 = Release|x64
		{35448F1E-E96F-40A2-8F46-6FB1D8DFF1F1}.Debug|x64.ActiveCfg = Debug|x64
		{35448F1E-E96F-40A2-8F46-6FB1D8DFF1F1}.Debug|x64.Build.0 = Debug|x64
		{35448F1E-E96F-40A2-8F46-6FB1D8DFF1F1}.Release_AI32|x64.ActiveCfg = Release_IA32|x64
		{35448F1E-E96F-40A2-8F46-6FB1D8DFF1F1}.Release_AI32|x64.Build.0 = Release_IA32|x64
		{35448F1E-E96F-40A2-8F46-6FB1D8DFF1F1}.Release|x64.ActiveCfg = Release|x64
		{35448F1E-E96F-40A2-8F46-6FB1D8DFF1F1}.Release|x64.Build.0 = Release|x64
		{15CBFEFF-7965-41F5-B4E2-21E8795C9159}.Debug|x64.ActiveCfg = Debug|x64
		{15CBFEFF-7965-41F5-B4E2-21E8795C9159}.Debug|x64.Build.0 = Debug|x64
		{15CBFEFF-7965-41F5-B4E2-21E8795C9159}.Release_AI32|x64.ActiveCfg = Release_AI32|x64
		{15CBFEFF-7965-41F5-B4E2-21E8795C9159}.Release_AI32|x64.Build.0 = Release_AI32|x64
		{15CBFEFF-7965-41F5-B4E2-21E8795C9159}.Release|x64.ActiveCfg = Release|x64
		{15CBFEFF-7965-41F5-B4E2-21E8795C9159}.Release|x64.Build.0 = Release|x64
		{96CDA44A-6F93-4D6A-A225-FD487C8A2116}.Debug|x64.ActiveCfg = Debug|x64
		{96CDA44A-6F93-4D6A-A225-FD487C8A2116}.Debug|x64.Build.0 = Debug|x64
		{96CDA44A-6F93-4D6A-A225-FD487C8A2116}.Release_AI32|x64.ActiveCfg = Release|x64
		{96CDA44A-6F93-4D6A-A225-FD487C8A2116}.Release_AI32|x64.Build.0 = Release|x64
		{96CDA44A-6F93-4D6A-A225-FD487C8A2116}.Release|x64.ActiveCfg = Release|x64
		{96CDA44A-6F93-4D6A-A225-FD487C8A2116}.Release|x64.Build.0 = Release|x64
		{DF460EAB-570D-4B50-9089-2E2FC801BF38}.Debug|x64.ActiveCfg = Debug|x64
		{DF460EAB-570D-4B50-9089-2E2FC801BF38}.Debug|x64.Build.0 = Debug|x64
		{DF460EAB-570D-4B50-9089-2E2FC801BF38}.Release_AI32|x64.ActiveCfg = Release|x64
		{DF460EAB-570D-4B50-9089-2E2FC801BF38}.Release_AI32|x64.Build.0 = Release|x64
		{DF460EAB-570D-4B50-9089-2E2FC801BF38}.Release|x64.ActiveCfg = Release|x64
		{DF460EAB-570D-4B50-9089-2E2FC801BF38}.Release|x64.Build.0 = Release|x64
	EndGlobalSection
	GlobalSection(SolutionProperties) = preSolution
		HideSolutionNode = FALSE
	EndGlobalSection
	GlobalSection(NestedProjects) = preSolution
		{1BF75FEB-87DD-486C-880B-227987D191C2} = {6F6D9B39-D4C7-495D-A20D-95C5FD96EB34}
		{24270FFF-9DFE-4806-8B16-BBD81266C2BF} = {CD44A717-A7D0-4994-A0B2-2447CA29CAE8}
		{F143D180-D4C4-4037-B3DE-BE89A21C8D1D} = {24270FFF-9DFE-4806-8B16-BBD81266C2BF}
		{4046F392-A18B-4C66-9639-3EABFFF5D531} = {24270FFF-9DFE-4806-8B16-BBD81266C2BF}
		{50C465FE-B308-42BC-894D-89484482AF06} = {24270FFF-9DFE-4806-8B16-BBD81266C2BF}
		{1AEB7681-57D8-48EE-813D-5C41CC38B647} = {24270FFF-9DFE-4806-8B16-BBD81266C2BF}
		{AE0574E2-BE4C-49B0-98A6-739176D69277} = {6F6D9B39-D4C7-495D-A20D-95C5FD96EB34}
		{A6EBBBBB-5FEF-4C20-8460-DFAB11734DED} = {5D392A4F-032D-4438-8140-DE2E644B81A0}
		{64ED3039-C2AD-4EDF-A058-7660E7C4E10C} = {5D392A4F-032D-4438-8140-DE2E644B81A0}
		{96CDA44A-6F93-4D6A-A225-FD487C8A2116} = {CD44A717-A7D0-4994-A0B2-2447CA29CAE8}
	EndGlobalSection
	GlobalSection(ExtensibilityGlobals) = postSolution
		SolutionGuid = {F41A0099-4978-40C7-A09A-3A9215551C77}
	EndGlobalSection
EndGlobal
