
Microsoft Visual Studio Solution File, Format Version 12.00
# Visual Studio Version 16
VisualStudioVersion = 16.0.28809.33
MinimumVisualStudioVersion = 10.0.40219.1
Project("{8BC9CEB8-8B4A-11D0-8D11-00A0C91BC942}") = "xrWeatherEditor", "editors\xrWeatherEditor\editor.vcxproj", "{492D3DFE-9068-4E7E-A008-7C2420A651C0}"
	ProjectSection(ProjectDependencies) = postProject
		{9D89838C-9525-483C-890F-D51590CDD913} = {9D89838C-9525-483C-890F-D51590CDD913}
		{E9DC16A3-D0FA-4924-AF6E-F6FDF3EA0661} = {E9DC16A3-D0FA-4924-AF6E-F6FDF3EA0661}
	EndProjectSection
EndProject
Project("{FAE04EC0-301F-11D3-BF4B-00C04F79EFBC}") = "xrPostprocessEditor", "editors\xrPostprocessEditor\xrPostprocessEditor.csproj", "{CB449DB5-9C97-447A-AA25-35EA7712F62C}"
EndProject
Project("{FAE04EC0-301F-11D3-BF4B-00C04F79EFBC}") = "xrSDKControls", "editors\xrSdkControls\xrSDKControls.csproj", "{E9DC16A3-D0FA-4924-AF6E-F6FDF3EA0661}"
EndProject
Project("{8BC9CEB8-8B4A-11D0-8D11-00A0C91BC942}") = "xrCore", "engine.vc2008\xrCore\xrCore.vcxproj", "{A0F7D1FB-59A7-4717-A7E4-96F37E91998E}"
	ProjectSection(ProjectDependencies) = postProject
		{76485157-3A23-47E9-8A5E-5B190F91511C} = {76485157-3A23-47E9-8A5E-5B190F91511C}
	EndProjectSection
EndProject
Project("{2150E333-8FDC-42A3-9474-1A3956D46DE8}") = "engine", "engine", "{582A3259-7499-4576-8573-EBC568143CF9}"
EndProject
Project("{8BC9CEB8-8B4A-11D0-8D11-00A0C91BC942}") = "xrECoreLite", "editors\xrECoreLite\xrECoreLite.vcxproj", "{722D40C3-FE5A-4A9B-94A5-5DC23A7C7AE1}"
	ProjectSection(ProjectDependencies) = postProject
		{65CBB9D0-FBC6-41A4-8316-F5E9B5D7FB33} = {65CBB9D0-FBC6-41A4-8316-F5E9B5D7FB33}
		{2578C6D8-660D-48AE-9322-7422F8664F06} = {2578C6D8-660D-48AE-9322-7422F8664F06}
	EndProjectSection
EndProject
Project("{8BC9CEB8-8B4A-11D0-8D11-00A0C91BC942}") = "xrRenderCommons", "editors\xrRenderCommons\xrRenderCommons.vcxproj", "{F213ED3C-FDF3-372D-812D-D7C1843D5BAB}"
	ProjectSection(ProjectDependencies) = postProject
		{A0F7D1FB-59A7-4717-A7E4-96F37E91998E} = {A0F7D1FB-59A7-4717-A7E4-96F37E91998E}
	EndProjectSection
EndProject
Project("{2150E333-8FDC-42A3-9474-1A3956D46DE8}") = "ZDK", "ZDK", "{2FFE270F-27D9-42C2-A0E3-7DF9ED7B533E}"
EndProject
Project("{8BC9CEB8-8B4A-11D0-8D11-00A0C91BC942}") = "xrMeshEditor", "editors\xrMeshEditor\xrMesh.vcxproj", "{F4605D33-B64E-492A-8F03-3E59660F8FE7}"
	ProjectSection(ProjectDependencies) = postProject
		{722D40C3-FE5A-4A9B-94A5-5DC23A7C7AE1} = {722D40C3-FE5A-4A9B-94A5-5DC23A7C7AE1}
	EndProjectSection
EndProject
Project("{8BC9CEB8-8B4A-11D0-8D11-00A0C91BC942}") = "xrCDB", "engine.vc2008\xrCDB\xrCDB.vcxproj", "{A19B1DF2-82EC-4364-8BDF-85D13A1C89B5}"
EndProject
Project("{2150E333-8FDC-42A3-9474-1A3956D46DE8}") = "pre-build tools", "pre-build tools", "{3E7B6590-A206-4054-8686-A99CC443057A}"
EndProject
Project("{8BC9CEB8-8B4A-11D0-8D11-00A0C91BC942}") = "GitParser", "engine.vc2008\xrCore\GitParser\GitParser.vcxproj", "{76485157-3A23-47E9-8A5E-5B190F91511C}"
EndProject
Project("{FAE04EC0-301F-11D3-BF4B-00C04F79EFBC}") = "xrEditor", "editors\xrEditor\xrEditor.csproj", "{A7773ECE-2F73-42A7-8783-4F79F97BD4AB}"
EndProject
Project("{2150E333-8FDC-42A3-9474-1A3956D46DE8}") = "Spectre", "Spectre", "{EE367C9E-D255-4A7D-8CF4-BFFDE0FAFC1D}"
EndProject
Project("{8BC9CEB8-8B4A-11D0-8D11-00A0C91BC942}") = "xrManagedECoreLib", "engine.vc2008\xrManagedECoreLib\xrManagedECoreLib.vcxproj", "{ACE4DA6A-FD27-4006-94BA-E0132A51930E}"
EndProject
Project("{8BC9CEB8-8B4A-11D0-8D11-00A0C91BC942}") = "xrManagedEngineLib", "engine.vc2008\xrManagedEngineLib\xrManagedEngineLib.vcxproj", "{09DC3343-46CA-4D55-BFE3-317C0FF02E52}"
EndProject
Project("{8BC9CEB8-8B4A-11D0-8D11-00A0C91BC942}") = "xrManagedGameLib", "engine.vc2008\xrManagedGameLib\xrManagedGameLib.vcxproj", "{DECF49BA-E334-47D5-8C0C-D6C3DC67A759}"
EndProject
Project("{8BC9CEB8-8B4A-11D0-8D11-00A0C91BC942}") = "xrManagedCoreLib", "engine.vc2008\xrManagedLib\xrManagedLib.vcxproj", "{C4DEFC31-A910-4339-99B3-6C410DC19AD0}"
EndProject
Project("{8BC9CEB8-8B4A-11D0-8D11-00A0C91BC942}") = "xrManagedRenderLib", "engine.vc2008\xrManagedRenderLib\xrManagedRenderLib.vcxproj", "{42986579-D91D-4523-AE54-0BFFEB0748C2}"
EndProject
Project("{2150E333-8FDC-42A3-9474-1A3956D46DE8}") = "Deprecated", "Deprecated", "{896A2103-A208-42CB-A7EB-51312DFB67F5}"
EndProject
Project("{FAE04EC0-301F-11D3-BF4B-00C04F79EFBC}") = "xrLayoutEditor", "editors\xrLayoutEditor\xrLayoutEditor.csproj", "{BF5CB1A3-BDC5-4777-9705-DCAD0360AB58}"
	ProjectSection(ProjectDependencies) = postProject
		{C4DEFC31-A910-4339-99B3-6C410DC19AD0} = {C4DEFC31-A910-4339-99B3-6C410DC19AD0}
	EndProjectSection
EndProject
Project("{8BC9CEB8-8B4A-11D0-8D11-00A0C91BC942}") = "xrEngine", "engine.vc2008\xrEngine\xrEngine.vcxproj", "{2578C6D8-660D-48AE-9322-7422F8664F06}"
	ProjectSection(ProjectDependencies) = postProject
		{A5E0EC2A-4783-4A53-AE1E-228464FC8F69} = {A5E0EC2A-4783-4A53-AE1E-228464FC8F69}
	EndProjectSection
EndProject
Project("{8BC9CEB8-8B4A-11D0-8D11-00A0C91BC942}") = "xrUICore", "engine.vc2008\xrUICore\xrUICore.vcxproj", "{295BF6D3-FE39-41FC-82B3-E94F97E24845}"
	ProjectSection(ProjectDependencies) = postProject
		{2578C6D8-660D-48AE-9322-7422F8664F06} = {2578C6D8-660D-48AE-9322-7422F8664F06}
	EndProjectSection
EndProject
Project("{8BC9CEB8-8B4A-11D0-8D11-00A0C91BC942}") = "xrManagedUILib", "engine.vc2008\xrManagedUILib\xrManagedUILib.vcxproj", "{D5AB4347-A96F-478D-9B44-9E3CBBDFCBDB}"
	ProjectSection(ProjectDependencies) = postProject
		{C4DEFC31-A910-4339-99B3-6C410DC19AD0} = {C4DEFC31-A910-4339-99B3-6C410DC19AD0}
		{295BF6D3-FE39-41FC-82B3-E94F97E24845} = {295BF6D3-FE39-41FC-82B3-E94F97E24845}
	EndProjectSection
EndProject
Project("{2150E333-8FDC-42A3-9474-1A3956D46DE8}") = "3rd party", "3rd party", "{BE0170B5-B5C9-4BD8-87CD-12B3C7DF3EDA}"
EndProject
Project("{8BC9CEB8-8B4A-11D0-8D11-00A0C91BC942}") = "DiscordRichPresense", "3rd-party\DiscordRPC\DiscordRichPresense.vcxproj", "{A5E0EC2A-4783-4A53-AE1E-228464FC8F69}"
EndProject
Project("{8BC9CEB8-8B4A-11D0-8D11-00A0C91BC942}") = "xrFontGenerator", "editors\xrFontGenerator\Oxy.FreeTypeConsole.vcxproj", "{ECC6E268-3F8D-42E6-AC20-E3171F72044E}"
	ProjectSection(ProjectDependencies) = postProject
		{A0F7D1FB-59A7-4717-A7E4-96F37E91998E} = {A0F7D1FB-59A7-4717-A7E4-96F37E91998E}
	EndProjectSection
EndProject
Project("{8BC9CEB8-8B4A-11D0-8D11-00A0C91BC942}") = "xrQSlim", "utils\xrQSlim\xrQSlim.vcxproj", "{F1836CE2-59EF-4189-8B9C-D103A511CB27}"
EndProject
Project("{8BC9CEB8-8B4A-11D0-8D11-00A0C91BC942}") = "XTools", "editors\XTools\XTools.vcxproj", "{65CBB9D0-FBC6-41A4-8316-F5E9B5D7FB33}"
EndProject
Project("{8BC9CEB8-8B4A-11D0-8D11-00A0C91BC942}") = "xrRender_R4", "engine.vc2008\xrRender\xrRenderPC_R4\xrRender_R4.vcxproj", "{AC9B12ED-A2D7-4337-A981-5BD8430E96D8}"
EndProject
Project("{8BC9CEB8-8B4A-11D0-8D11-00A0C91BC942}") = "xrE2Editor", "editors\xrE2Editor\xrE2Editor.vcxproj", "{9D89838C-9525-483C-890F-D51590CDD913}"
	ProjectSection(ProjectDependencies) = postProject
		{2578C6D8-660D-48AE-9322-7422F8664F06} = {2578C6D8-660D-48AE-9322-7422F8664F06}
	EndProjectSection
EndProject
Global
	GlobalSection(SolutionConfigurationPlatforms) = preSolution
		Debug|x64 = Debug|x64
		Debug|x86 = Debug|x86
		Mixed|x64 = Mixed|x64
		Mixed|x86 = Mixed|x86
		Release|x64 = Release|x64
		Release|x86 = Release|x86
	EndGlobalSection
	GlobalSection(ProjectConfigurationPlatforms) = postSolution
		{492D3DFE-9068-4E7E-A008-7C2420A651C0}.Debug|x64.ActiveCfg = Debug|x64
		{492D3DFE-9068-4E7E-A008-7C2420A651C0}.Debug|x64.Build.0 = Debug|x64
		{492D3DFE-9068-4E7E-A008-7C2420A651C0}.Debug|x86.ActiveCfg = Debug|x64
		{492D3DFE-9068-4E7E-A008-7C2420A651C0}.Mixed|x64.ActiveCfg = Release|x64
		{492D3DFE-9068-4E7E-A008-7C2420A651C0}.Mixed|x64.Build.0 = Release|x64
		{492D3DFE-9068-4E7E-A008-7C2420A651C0}.Mixed|x86.ActiveCfg = Release|x64
		{492D3DFE-9068-4E7E-A008-7C2420A651C0}.Mixed|x86.Build.0 = Release|x64
		{492D3DFE-9068-4E7E-A008-7C2420A651C0}.Release|x64.ActiveCfg = Release|x64
		{492D3DFE-9068-4E7E-A008-7C2420A651C0}.Release|x64.Build.0 = Release|x64
		{492D3DFE-9068-4E7E-A008-7C2420A651C0}.Release|x86.ActiveCfg = Release|x64
		{CB449DB5-9C97-447A-AA25-35EA7712F62C}.Debug|x64.ActiveCfg = Debug|x64
		{CB449DB5-9C97-447A-AA25-35EA7712F62C}.Debug|x64.Build.0 = Debug|x64
		{CB449DB5-9C97-447A-AA25-35EA7712F62C}.Debug|x86.ActiveCfg = Debug|Any CPU
		{CB449DB5-9C97-447A-AA25-35EA7712F62C}.Debug|x86.Build.0 = Debug|Any CPU
		{CB449DB5-9C97-447A-AA25-35EA7712F62C}.Mixed|x64.ActiveCfg = Mixed|x64
		{CB449DB5-9C97-447A-AA25-35EA7712F62C}.Mixed|x64.Build.0 = Mixed|x64
		{CB449DB5-9C97-447A-AA25-35EA7712F62C}.Mixed|x86.ActiveCfg = Mixed|Any CPU
		{CB449DB5-9C97-447A-AA25-35EA7712F62C}.Mixed|x86.Build.0 = Mixed|Any CPU
		{CB449DB5-9C97-447A-AA25-35EA7712F62C}.Release|x64.ActiveCfg = Release|x64
		{CB449DB5-9C97-447A-AA25-35EA7712F62C}.Release|x64.Build.0 = Release|x64
		{CB449DB5-9C97-447A-AA25-35EA7712F62C}.Release|x86.ActiveCfg = Release|Any CPU
		{CB449DB5-9C97-447A-AA25-35EA7712F62C}.Release|x86.Build.0 = Release|Any CPU
		{E9DC16A3-D0FA-4924-AF6E-F6FDF3EA0661}.Debug|x64.ActiveCfg = Debug|Any CPU
		{E9DC16A3-D0FA-4924-AF6E-F6FDF3EA0661}.Debug|x64.Build.0 = Debug|Any CPU
		{E9DC16A3-D0FA-4924-AF6E-F6FDF3EA0661}.Debug|x86.ActiveCfg = Debug|Any CPU
		{E9DC16A3-D0FA-4924-AF6E-F6FDF3EA0661}.Debug|x86.Build.0 = Debug|Any CPU
		{E9DC16A3-D0FA-4924-AF6E-F6FDF3EA0661}.Mixed|x64.ActiveCfg = Mixed|x64
		{E9DC16A3-D0FA-4924-AF6E-F6FDF3EA0661}.Mixed|x64.Build.0 = Mixed|x64
		{E9DC16A3-D0FA-4924-AF6E-F6FDF3EA0661}.Mixed|x86.ActiveCfg = Mixed|Any CPU
		{E9DC16A3-D0FA-4924-AF6E-F6FDF3EA0661}.Mixed|x86.Build.0 = Mixed|Any CPU
		{E9DC16A3-D0FA-4924-AF6E-F6FDF3EA0661}.Release|x64.ActiveCfg = Release|Any CPU
		{E9DC16A3-D0FA-4924-AF6E-F6FDF3EA0661}.Release|x64.Build.0 = Release|Any CPU
		{E9DC16A3-D0FA-4924-AF6E-F6FDF3EA0661}.Release|x86.ActiveCfg = Release|Any CPU
		{E9DC16A3-D0FA-4924-AF6E-F6FDF3EA0661}.Release|x86.Build.0 = Release|Any CPU
		{A0F7D1FB-59A7-4717-A7E4-96F37E91998E}.Debug|x64.ActiveCfg = Debug|x64
		{A0F7D1FB-59A7-4717-A7E4-96F37E91998E}.Debug|x64.Build.0 = Debug|x64
		{A0F7D1FB-59A7-4717-A7E4-96F37E91998E}.Debug|x86.ActiveCfg = Debug|x64
		{A0F7D1FB-59A7-4717-A7E4-96F37E91998E}.Mixed|x64.ActiveCfg = Mixed|x64
		{A0F7D1FB-59A7-4717-A7E4-96F37E91998E}.Mixed|x64.Build.0 = Mixed|x64
		{A0F7D1FB-59A7-4717-A7E4-96F37E91998E}.Mixed|x86.ActiveCfg = Mixed|x64
		{A0F7D1FB-59A7-4717-A7E4-96F37E91998E}.Release|x64.ActiveCfg = Release|x64
		{A0F7D1FB-59A7-4717-A7E4-96F37E91998E}.Release|x64.Build.0 = Release|x64
		{A0F7D1FB-59A7-4717-A7E4-96F37E91998E}.Release|x86.ActiveCfg = Release|x64
		{722D40C3-FE5A-4A9B-94A5-5DC23A7C7AE1}.Debug|x64.ActiveCfg = Debug|x64
		{722D40C3-FE5A-4A9B-94A5-5DC23A7C7AE1}.Debug|x64.Build.0 = Debug|x64
		{722D40C3-FE5A-4A9B-94A5-5DC23A7C7AE1}.Debug|x86.ActiveCfg = Debug|x64
		{722D40C3-FE5A-4A9B-94A5-5DC23A7C7AE1}.Mixed|x64.ActiveCfg = Release|x64
		{722D40C3-FE5A-4A9B-94A5-5DC23A7C7AE1}.Mixed|x64.Build.0 = Release|x64
		{722D40C3-FE5A-4A9B-94A5-5DC23A7C7AE1}.Mixed|x86.ActiveCfg = Release_IA32|x64
		{722D40C3-FE5A-4A9B-94A5-5DC23A7C7AE1}.Mixed|x86.Build.0 = Release_IA32|x64
		{722D40C3-FE5A-4A9B-94A5-5DC23A7C7AE1}.Release|x64.ActiveCfg = Release|x64
		{722D40C3-FE5A-4A9B-94A5-5DC23A7C7AE1}.Release|x64.Build.0 = Release|x64
		{722D40C3-FE5A-4A9B-94A5-5DC23A7C7AE1}.Release|x86.ActiveCfg = Release|x64
		{F213ED3C-FDF3-372D-812D-D7C1843D5BAB}.Debug|x64.ActiveCfg = Debug|x64
		{F213ED3C-FDF3-372D-812D-D7C1843D5BAB}.Debug|x64.Build.0 = Debug|x64
		{F213ED3C-FDF3-372D-812D-D7C1843D5BAB}.Debug|x86.ActiveCfg = Debug|x64
		{F213ED3C-FDF3-372D-812D-D7C1843D5BAB}.Mixed|x64.ActiveCfg = Release|x64
		{F213ED3C-FDF3-372D-812D-D7C1843D5BAB}.Mixed|x64.Build.0 = Release|x64
		{F213ED3C-FDF3-372D-812D-D7C1843D5BAB}.Mixed|x86.ActiveCfg = Release_IA32|x64
		{F213ED3C-FDF3-372D-812D-D7C1843D5BAB}.Mixed|x86.Build.0 = Release_IA32|x64
		{F213ED3C-FDF3-372D-812D-D7C1843D5BAB}.Release|x64.ActiveCfg = Release|x64
		{F213ED3C-FDF3-372D-812D-D7C1843D5BAB}.Release|x64.Build.0 = Release|x64
		{F213ED3C-FDF3-372D-812D-D7C1843D5BAB}.Release|x86.ActiveCfg = Release|x64
		{F4605D33-B64E-492A-8F03-3E59660F8FE7}.Debug|x64.ActiveCfg = Debug|x64
		{F4605D33-B64E-492A-8F03-3E59660F8FE7}.Debug|x64.Build.0 = Debug|x64
		{F4605D33-B64E-492A-8F03-3E59660F8FE7}.Debug|x86.ActiveCfg = Debug|x64
		{F4605D33-B64E-492A-8F03-3E59660F8FE7}.Mixed|x64.ActiveCfg = Release|x64
		{F4605D33-B64E-492A-8F03-3E59660F8FE7}.Mixed|x64.Build.0 = Release|x64
		{F4605D33-B64E-492A-8F03-3E59660F8FE7}.Mixed|x86.ActiveCfg = Release_IA32|x64
		{F4605D33-B64E-492A-8F03-3E59660F8FE7}.Mixed|x86.Build.0 = Release_IA32|x64
		{F4605D33-B64E-492A-8F03-3E59660F8FE7}.Release|x64.ActiveCfg = Release|x64
		{F4605D33-B64E-492A-8F03-3E59660F8FE7}.Release|x64.Build.0 = Release|x64
		{F4605D33-B64E-492A-8F03-3E59660F8FE7}.Release|x86.ActiveCfg = Release|x64
		{A19B1DF2-82EC-4364-8BDF-85D13A1C89B5}.Debug|x64.ActiveCfg = Debug|x64
		{A19B1DF2-82EC-4364-8BDF-85D13A1C89B5}.Debug|x64.Build.0 = Debug|x64
		{A19B1DF2-82EC-4364-8BDF-85D13A1C89B5}.Debug|x86.ActiveCfg = Debug|x64
		{A19B1DF2-82EC-4364-8BDF-85D13A1C89B5}.Mixed|x64.ActiveCfg = Release|x64
		{A19B1DF2-82EC-4364-8BDF-85D13A1C89B5}.Mixed|x64.Build.0 = Release|x64
		{A19B1DF2-82EC-4364-8BDF-85D13A1C89B5}.Mixed|x86.ActiveCfg = Release|x64
		{A19B1DF2-82EC-4364-8BDF-85D13A1C89B5}.Mixed|x86.Build.0 = Release|x64
		{A19B1DF2-82EC-4364-8BDF-85D13A1C89B5}.Release|x64.ActiveCfg = Release|x64
		{A19B1DF2-82EC-4364-8BDF-85D13A1C89B5}.Release|x64.Build.0 = Release|x64
		{A19B1DF2-82EC-4364-8BDF-85D13A1C89B5}.Release|x86.ActiveCfg = Release|x64
		{76485157-3A23-47E9-8A5E-5B190F91511C}.Debug|x64.ActiveCfg = Debug|x64
		{76485157-3A23-47E9-8A5E-5B190F91511C}.Debug|x64.Build.0 = Debug|x64
		{76485157-3A23-47E9-8A5E-5B190F91511C}.Debug|x86.ActiveCfg = Debug|x64
		{76485157-3A23-47E9-8A5E-5B190F91511C}.Mixed|x64.ActiveCfg = Release|x64
		{76485157-3A23-47E9-8A5E-5B190F91511C}.Mixed|x64.Build.0 = Release|x64
		{76485157-3A23-47E9-8A5E-5B190F91511C}.Mixed|x86.ActiveCfg = Release|x64
		{76485157-3A23-47E9-8A5E-5B190F91511C}.Mixed|x86.Build.0 = Release|x64
		{76485157-3A23-47E9-8A5E-5B190F91511C}.Release|x64.ActiveCfg = Release|x64
		{76485157-3A23-47E9-8A5E-5B190F91511C}.Release|x64.Build.0 = Release|x64
		{76485157-3A23-47E9-8A5E-5B190F91511C}.Release|x86.ActiveCfg = Release|x64
		{A7773ECE-2F73-42A7-8783-4F79F97BD4AB}.Debug|x64.ActiveCfg = Debug|Any CPU
		{A7773ECE-2F73-42A7-8783-4F79F97BD4AB}.Debug|x64.Build.0 = Debug|Any CPU
		{A7773ECE-2F73-42A7-8783-4F79F97BD4AB}.Debug|x86.ActiveCfg = Debug|Any CPU
		{A7773ECE-2F73-42A7-8783-4F79F97BD4AB}.Debug|x86.Build.0 = Debug|Any CPU
		{A7773ECE-2F73-42A7-8783-4F79F97BD4AB}.Mixed|x64.ActiveCfg = Release|Any CPU
		{A7773ECE-2F73-42A7-8783-4F79F97BD4AB}.Mixed|x64.Build.0 = Release|Any CPU
		{A7773ECE-2F73-42A7-8783-4F79F97BD4AB}.Mixed|x86.ActiveCfg = Release|Any CPU
		{A7773ECE-2F73-42A7-8783-4F79F97BD4AB}.Mixed|x86.Build.0 = Release|Any CPU
		{A7773ECE-2F73-42A7-8783-4F79F97BD4AB}.Release|x64.ActiveCfg = Release|Any CPU
		{A7773ECE-2F73-42A7-8783-4F79F97BD4AB}.Release|x64.Build.0 = Release|Any CPU
		{A7773ECE-2F73-42A7-8783-4F79F97BD4AB}.Release|x86.ActiveCfg = Release|Any CPU
		{A7773ECE-2F73-42A7-8783-4F79F97BD4AB}.Release|x86.Build.0 = Release|Any CPU
		{ACE4DA6A-FD27-4006-94BA-E0132A51930E}.Debug|x64.ActiveCfg = Debug|x64
		{ACE4DA6A-FD27-4006-94BA-E0132A51930E}.Debug|x64.Build.0 = Debug|x64
		{ACE4DA6A-FD27-4006-94BA-E0132A51930E}.Debug|x86.ActiveCfg = Debug|x64
		{ACE4DA6A-FD27-4006-94BA-E0132A51930E}.Mixed|x64.ActiveCfg = Release|x64
		{ACE4DA6A-FD27-4006-94BA-E0132A51930E}.Mixed|x64.Build.0 = Release|x64
		{ACE4DA6A-FD27-4006-94BA-E0132A51930E}.Mixed|x86.ActiveCfg = Release|x64
		{ACE4DA6A-FD27-4006-94BA-E0132A51930E}.Mixed|x86.Build.0 = Release|x64
		{ACE4DA6A-FD27-4006-94BA-E0132A51930E}.Release|x64.ActiveCfg = Release|x64
		{ACE4DA6A-FD27-4006-94BA-E0132A51930E}.Release|x64.Build.0 = Release|x64
		{ACE4DA6A-FD27-4006-94BA-E0132A51930E}.Release|x86.ActiveCfg = Release|x64
		{09DC3343-46CA-4D55-BFE3-317C0FF02E52}.Debug|x64.ActiveCfg = Debug|x64
		{09DC3343-46CA-4D55-BFE3-317C0FF02E52}.Debug|x64.Build.0 = Debug|x64
		{09DC3343-46CA-4D55-BFE3-317C0FF02E52}.Debug|x86.ActiveCfg = Debug|x64
		{09DC3343-46CA-4D55-BFE3-317C0FF02E52}.Mixed|x64.ActiveCfg = Release|x64
		{09DC3343-46CA-4D55-BFE3-317C0FF02E52}.Mixed|x64.Build.0 = Release|x64
		{09DC3343-46CA-4D55-BFE3-317C0FF02E52}.Mixed|x86.ActiveCfg = Release|x64
		{09DC3343-46CA-4D55-BFE3-317C0FF02E52}.Mixed|x86.Build.0 = Release|x64
		{09DC3343-46CA-4D55-BFE3-317C0FF02E52}.Release|x64.ActiveCfg = Release|x64
		{09DC3343-46CA-4D55-BFE3-317C0FF02E52}.Release|x64.Build.0 = Release|x64
		{09DC3343-46CA-4D55-BFE3-317C0FF02E52}.Release|x86.ActiveCfg = Release|x64
		{DECF49BA-E334-47D5-8C0C-D6C3DC67A759}.Debug|x64.ActiveCfg = Debug|x64
		{DECF49BA-E334-47D5-8C0C-D6C3DC67A759}.Debug|x64.Build.0 = Debug|x64
		{DECF49BA-E334-47D5-8C0C-D6C3DC67A759}.Debug|x86.ActiveCfg = Debug|x64
		{DECF49BA-E334-47D5-8C0C-D6C3DC67A759}.Mixed|x64.ActiveCfg = Release|x64
		{DECF49BA-E334-47D5-8C0C-D6C3DC67A759}.Mixed|x64.Build.0 = Release|x64
		{DECF49BA-E334-47D5-8C0C-D6C3DC67A759}.Mixed|x86.ActiveCfg = Release|x64
		{DECF49BA-E334-47D5-8C0C-D6C3DC67A759}.Mixed|x86.Build.0 = Release|x64
		{DECF49BA-E334-47D5-8C0C-D6C3DC67A759}.Release|x64.ActiveCfg = Release|x64
		{DECF49BA-E334-47D5-8C0C-D6C3DC67A759}.Release|x64.Build.0 = Release|x64
		{DECF49BA-E334-47D5-8C0C-D6C3DC67A759}.Release|x86.ActiveCfg = Release|x64
		{C4DEFC31-A910-4339-99B3-6C410DC19AD0}.Debug|x64.ActiveCfg = Debug|x64
		{C4DEFC31-A910-4339-99B3-6C410DC19AD0}.Debug|x64.Build.0 = Debug|x64
		{C4DEFC31-A910-4339-99B3-6C410DC19AD0}.Debug|x86.ActiveCfg = Debug|x64
		{C4DEFC31-A910-4339-99B3-6C410DC19AD0}.Mixed|x64.ActiveCfg = Release|x64
		{C4DEFC31-A910-4339-99B3-6C410DC19AD0}.Mixed|x64.Build.0 = Release|x64
		{C4DEFC31-A910-4339-99B3-6C410DC19AD0}.Mixed|x86.ActiveCfg = Release|x64
		{C4DEFC31-A910-4339-99B3-6C410DC19AD0}.Mixed|x86.Build.0 = Release|x64
		{C4DEFC31-A910-4339-99B3-6C410DC19AD0}.Release|x64.ActiveCfg = Release|x64
		{C4DEFC31-A910-4339-99B3-6C410DC19AD0}.Release|x64.Build.0 = Release|x64
		{C4DEFC31-A910-4339-99B3-6C410DC19AD0}.Release|x86.ActiveCfg = Release|x64
		{42986579-D91D-4523-AE54-0BFFEB0748C2}.Debug|x64.ActiveCfg = Debug|x64
		{42986579-D91D-4523-AE54-0BFFEB0748C2}.Debug|x64.Build.0 = Debug|x64
		{42986579-D91D-4523-AE54-0BFFEB0748C2}.Debug|x86.ActiveCfg = Debug|x64
		{42986579-D91D-4523-AE54-0BFFEB0748C2}.Mixed|x64.ActiveCfg = Release|x64
		{42986579-D91D-4523-AE54-0BFFEB0748C2}.Mixed|x64.Build.0 = Release|x64
		{42986579-D91D-4523-AE54-0BFFEB0748C2}.Mixed|x86.ActiveCfg = Release|x64
		{42986579-D91D-4523-AE54-0BFFEB0748C2}.Mixed|x86.Build.0 = Release|x64
		{42986579-D91D-4523-AE54-0BFFEB0748C2}.Release|x64.ActiveCfg = Release|x64
		{42986579-D91D-4523-AE54-0BFFEB0748C2}.Release|x64.Build.0 = Release|x64
		{42986579-D91D-4523-AE54-0BFFEB0748C2}.Release|x86.ActiveCfg = Release|x64
		{BF5CB1A3-BDC5-4777-9705-DCAD0360AB58}.Debug|x64.ActiveCfg = Debug|Any CPU
		{BF5CB1A3-BDC5-4777-9705-DCAD0360AB58}.Debug|x64.Build.0 = Debug|Any CPU
		{BF5CB1A3-BDC5-4777-9705-DCAD0360AB58}.Debug|x86.ActiveCfg = Debug|Any CPU
		{BF5CB1A3-BDC5-4777-9705-DCAD0360AB58}.Debug|x86.Build.0 = Debug|Any CPU
		{BF5CB1A3-BDC5-4777-9705-DCAD0360AB58}.Mixed|x64.ActiveCfg = Release|Any CPU
		{BF5CB1A3-BDC5-4777-9705-DCAD0360AB58}.Mixed|x64.Build.0 = Release|Any CPU
		{BF5CB1A3-BDC5-4777-9705-DCAD0360AB58}.Mixed|x86.ActiveCfg = Release|Any CPU
		{BF5CB1A3-BDC5-4777-9705-DCAD0360AB58}.Mixed|x86.Build.0 = Release|Any CPU
		{BF5CB1A3-BDC5-4777-9705-DCAD0360AB58}.Release|x64.ActiveCfg = Release|Any CPU
		{BF5CB1A3-BDC5-4777-9705-DCAD0360AB58}.Release|x64.Build.0 = Release|Any CPU
		{BF5CB1A3-BDC5-4777-9705-DCAD0360AB58}.Release|x86.ActiveCfg = Release|Any CPU
		{BF5CB1A3-BDC5-4777-9705-DCAD0360AB58}.Release|x86.Build.0 = Release|Any CPU
		{2578C6D8-660D-48AE-9322-7422F8664F06}.Debug|x64.ActiveCfg = Debug|x64
		{2578C6D8-660D-48AE-9322-7422F8664F06}.Debug|x64.Build.0 = Debug|x64
		{2578C6D8-660D-48AE-9322-7422F8664F06}.Debug|x86.ActiveCfg = Debug|x64
		{2578C6D8-660D-48AE-9322-7422F8664F06}.Mixed|x64.ActiveCfg = Release|x64
		{2578C6D8-660D-48AE-9322-7422F8664F06}.Mixed|x64.Build.0 = Release|x64
		{2578C6D8-660D-48AE-9322-7422F8664F06}.Mixed|x86.ActiveCfg = Release|x64
		{2578C6D8-660D-48AE-9322-7422F8664F06}.Mixed|x86.Build.0 = Release|x64
		{2578C6D8-660D-48AE-9322-7422F8664F06}.Release|x64.ActiveCfg = Release|x64
		{2578C6D8-660D-48AE-9322-7422F8664F06}.Release|x64.Build.0 = Release|x64
		{2578C6D8-660D-48AE-9322-7422F8664F06}.Release|x86.ActiveCfg = Release|x64
		{295BF6D3-FE39-41FC-82B3-E94F97E24845}.Debug|x64.ActiveCfg = Debug|x64
		{295BF6D3-FE39-41FC-82B3-E94F97E24845}.Debug|x64.Build.0 = Debug|x64
		{295BF6D3-FE39-41FC-82B3-E94F97E24845}.Debug|x86.ActiveCfg = Debug|x64
		{295BF6D3-FE39-41FC-82B3-E94F97E24845}.Mixed|x64.ActiveCfg = Release|x64
		{295BF6D3-FE39-41FC-82B3-E94F97E24845}.Mixed|x64.Build.0 = Release|x64
		{295BF6D3-FE39-41FC-82B3-E94F97E24845}.Mixed|x86.ActiveCfg = Release|x64
		{295BF6D3-FE39-41FC-82B3-E94F97E24845}.Mixed|x86.Build.0 = Release|x64
		{295BF6D3-FE39-41FC-82B3-E94F97E24845}.Release|x64.ActiveCfg = Release|x64
		{295BF6D3-FE39-41FC-82B3-E94F97E24845}.Release|x64.Build.0 = Release|x64
		{295BF6D3-FE39-41FC-82B3-E94F97E24845}.Release|x86.ActiveCfg = Release|x64
		{D5AB4347-A96F-478D-9B44-9E3CBBDFCBDB}.Debug|x64.ActiveCfg = Debug|x64
		{D5AB4347-A96F-478D-9B44-9E3CBBDFCBDB}.Debug|x64.Build.0 = Debug|x64
		{D5AB4347-A96F-478D-9B44-9E3CBBDFCBDB}.Debug|x86.ActiveCfg = Debug|x64
		{D5AB4347-A96F-478D-9B44-9E3CBBDFCBDB}.Mixed|x64.ActiveCfg = Release|x64
		{D5AB4347-A96F-478D-9B44-9E3CBBDFCBDB}.Mixed|x64.Build.0 = Release|x64
		{D5AB4347-A96F-478D-9B44-9E3CBBDFCBDB}.Mixed|x86.ActiveCfg = Release|x64
		{D5AB4347-A96F-478D-9B44-9E3CBBDFCBDB}.Mixed|x86.Build.0 = Release|x64
		{D5AB4347-A96F-478D-9B44-9E3CBBDFCBDB}.Release|x64.ActiveCfg = Release|x64
		{D5AB4347-A96F-478D-9B44-9E3CBBDFCBDB}.Release|x64.Build.0 = Release|x64
		{D5AB4347-A96F-478D-9B44-9E3CBBDFCBDB}.Release|x86.ActiveCfg = Release|x64
		{A5E0EC2A-4783-4A53-AE1E-228464FC8F69}.Debug|x64.ActiveCfg = Debug|x64
		{A5E0EC2A-4783-4A53-AE1E-228464FC8F69}.Debug|x64.Build.0 = Debug|x64
		{A5E0EC2A-4783-4A53-AE1E-228464FC8F69}.Debug|x86.ActiveCfg = Debug|x64
		{A5E0EC2A-4783-4A53-AE1E-228464FC8F69}.Mixed|x64.ActiveCfg = Release|x64
		{A5E0EC2A-4783-4A53-AE1E-228464FC8F69}.Mixed|x64.Build.0 = Release|x64
		{A5E0EC2A-4783-4A53-AE1E-228464FC8F69}.Mixed|x86.ActiveCfg = Release|x64
		{A5E0EC2A-4783-4A53-AE1E-228464FC8F69}.Mixed|x86.Build.0 = Release|x64
		{A5E0EC2A-4783-4A53-AE1E-228464FC8F69}.Release|x64.ActiveCfg = Release|x64
		{A5E0EC2A-4783-4A53-AE1E-228464FC8F69}.Release|x64.Build.0 = Release|x64
		{A5E0EC2A-4783-4A53-AE1E-228464FC8F69}.Release|x86.ActiveCfg = Release|x64
		{ECC6E268-3F8D-42E6-AC20-E3171F72044E}.Debug|x64.ActiveCfg = Debug|x64
		{ECC6E268-3F8D-42E6-AC20-E3171F72044E}.Debug|x64.Build.0 = Debug|x64
		{ECC6E268-3F8D-42E6-AC20-E3171F72044E}.Debug|x86.ActiveCfg = Debug|x64
		{ECC6E268-3F8D-42E6-AC20-E3171F72044E}.Mixed|x64.ActiveCfg = Release|x64
		{ECC6E268-3F8D-42E6-AC20-E3171F72044E}.Mixed|x64.Build.0 = Release|x64
		{ECC6E268-3F8D-42E6-AC20-E3171F72044E}.Mixed|x86.ActiveCfg = Release|x64
		{ECC6E268-3F8D-42E6-AC20-E3171F72044E}.Mixed|x86.Build.0 = Release|x64
		{ECC6E268-3F8D-42E6-AC20-E3171F72044E}.Release|x64.ActiveCfg = Release|x64
		{ECC6E268-3F8D-42E6-AC20-E3171F72044E}.Release|x64.Build.0 = Release|x64
		{ECC6E268-3F8D-42E6-AC20-E3171F72044E}.Release|x86.ActiveCfg = Release|x64
		{F1836CE2-59EF-4189-8B9C-D103A511CB27}.Debug|x64.ActiveCfg = Debug|x64
		{F1836CE2-59EF-4189-8B9C-D103A511CB27}.Debug|x64.Build.0 = Debug|x64
		{F1836CE2-59EF-4189-8B9C-D103A511CB27}.Debug|x86.ActiveCfg = Debug|x64
		{F1836CE2-59EF-4189-8B9C-D103A511CB27}.Mixed|x64.ActiveCfg = Release|x64
		{F1836CE2-59EF-4189-8B9C-D103A511CB27}.Mixed|x64.Build.0 = Release|x64
		{F1836CE2-59EF-4189-8B9C-D103A511CB27}.Mixed|x86.ActiveCfg = Release_IA32|x64
		{F1836CE2-59EF-4189-8B9C-D103A511CB27}.Mixed|x86.Build.0 = Release_IA32|x64
		{F1836CE2-59EF-4189-8B9C-D103A511CB27}.Release|x64.ActiveCfg = Release|x64
		{F1836CE2-59EF-4189-8B9C-D103A511CB27}.Release|x64.Build.0 = Release|x64
		{F1836CE2-59EF-4189-8B9C-D103A511CB27}.Release|x86.ActiveCfg = Release|x64
		{65CBB9D0-FBC6-41A4-8316-F5E9B5D7FB33}.Debug|x64.ActiveCfg = Debug|x64
		{65CBB9D0-FBC6-41A4-8316-F5E9B5D7FB33}.Debug|x64.Build.0 = Debug|x64
		{65CBB9D0-FBC6-41A4-8316-F5E9B5D7FB33}.Debug|x86.ActiveCfg = Debug|x64
		{65CBB9D0-FBC6-41A4-8316-F5E9B5D7FB33}.Mixed|x64.ActiveCfg = Release|x64
		{65CBB9D0-FBC6-41A4-8316-F5E9B5D7FB33}.Mixed|x64.Build.0 = Release|x64
		{65CBB9D0-FBC6-41A4-8316-F5E9B5D7FB33}.Mixed|x86.ActiveCfg = Release_IA32|x64
		{65CBB9D0-FBC6-41A4-8316-F5E9B5D7FB33}.Mixed|x86.Build.0 = Release_IA32|x64
		{65CBB9D0-FBC6-41A4-8316-F5E9B5D7FB33}.Release|x64.ActiveCfg = Release|x64
		{65CBB9D0-FBC6-41A4-8316-F5E9B5D7FB33}.Release|x64.Build.0 = Release|x64
		{65CBB9D0-FBC6-41A4-8316-F5E9B5D7FB33}.Release|x86.ActiveCfg = Release|x64
		{AC9B12ED-A2D7-4337-A981-5BD8430E96D8}.Debug|x64.ActiveCfg = Debug|x64
		{AC9B12ED-A2D7-4337-A981-5BD8430E96D8}.Debug|x64.Build.0 = Debug|x64
		{AC9B12ED-A2D7-4337-A981-5BD8430E96D8}.Debug|x86.ActiveCfg = Debug|x64
		{AC9B12ED-A2D7-4337-A981-5BD8430E96D8}.Mixed|x64.ActiveCfg = Release|x64
		{AC9B12ED-A2D7-4337-A981-5BD8430E96D8}.Mixed|x64.Build.0 = Release|x64
		{AC9B12ED-A2D7-4337-A981-5BD8430E96D8}.Mixed|x86.ActiveCfg = Release|x64
		{AC9B12ED-A2D7-4337-A981-5BD8430E96D8}.Mixed|x86.Build.0 = Release|x64
		{AC9B12ED-A2D7-4337-A981-5BD8430E96D8}.Release|x64.ActiveCfg = Release|x64
		{AC9B12ED-A2D7-4337-A981-5BD8430E96D8}.Release|x64.Build.0 = Release|x64
		{AC9B12ED-A2D7-4337-A981-5BD8430E96D8}.Release|x86.ActiveCfg = Release|x64
		{9D89838C-9525-483C-890F-D51590CDD913}.Debug|x64.ActiveCfg = Debug|x64
		{9D89838C-9525-483C-890F-D51590CDD913}.Debug|x64.Build.0 = Debug|x64
		{9D89838C-9525-483C-890F-D51590CDD913}.Debug|x86.ActiveCfg = Debug|Win32
		{9D89838C-9525-483C-890F-D51590CDD913}.Debug|x86.Build.0 = Debug|Win32
		{9D89838C-9525-483C-890F-D51590CDD913}.Mixed|x64.ActiveCfg = Release|x64
		{9D89838C-9525-483C-890F-D51590CDD913}.Mixed|x64.Build.0 = Release|x64
		{9D89838C-9525-483C-890F-D51590CDD913}.Mixed|x86.ActiveCfg = Release|Win32
		{9D89838C-9525-483C-890F-D51590CDD913}.Mixed|x86.Build.0 = Release|Win32
		{9D89838C-9525-483C-890F-D51590CDD913}.Release|x64.ActiveCfg = Release|x64
		{9D89838C-9525-483C-890F-D51590CDD913}.Release|x64.Build.0 = Release|x64
		{9D89838C-9525-483C-890F-D51590CDD913}.Release|x86.ActiveCfg = Release|Win32
		{9D89838C-9525-483C-890F-D51590CDD913}.Release|x86.Build.0 = Release|Win32
	EndGlobalSection
	GlobalSection(SolutionProperties) = preSolution
		HideSolutionNode = FALSE
	EndGlobalSection
	GlobalSection(NestedProjects) = preSolution
		{A0F7D1FB-59A7-4717-A7E4-96F37E91998E} = {582A3259-7499-4576-8573-EBC568143CF9}
		{F213ED3C-FDF3-372D-812D-D7C1843D5BAB} = {2FFE270F-27D9-42C2-A0E3-7DF9ED7B533E}
		{2FFE270F-27D9-42C2-A0E3-7DF9ED7B533E} = {896A2103-A208-42CB-A7EB-51312DFB67F5}
		{F4605D33-B64E-492A-8F03-3E59660F8FE7} = {896A2103-A208-42CB-A7EB-51312DFB67F5}
		{A19B1DF2-82EC-4364-8BDF-85D13A1C89B5} = {582A3259-7499-4576-8573-EBC568143CF9}
		{3E7B6590-A206-4054-8686-A99CC443057A} = {582A3259-7499-4576-8573-EBC568143CF9}
		{76485157-3A23-47E9-8A5E-5B190F91511C} = {3E7B6590-A206-4054-8686-A99CC443057A}
		{ACE4DA6A-FD27-4006-94BA-E0132A51930E} = {EE367C9E-D255-4A7D-8CF4-BFFDE0FAFC1D}
		{09DC3343-46CA-4D55-BFE3-317C0FF02E52} = {EE367C9E-D255-4A7D-8CF4-BFFDE0FAFC1D}
		{DECF49BA-E334-47D5-8C0C-D6C3DC67A759} = {EE367C9E-D255-4A7D-8CF4-BFFDE0FAFC1D}
		{C4DEFC31-A910-4339-99B3-6C410DC19AD0} = {EE367C9E-D255-4A7D-8CF4-BFFDE0FAFC1D}
		{42986579-D91D-4523-AE54-0BFFEB0748C2} = {EE367C9E-D255-4A7D-8CF4-BFFDE0FAFC1D}
		{2578C6D8-660D-48AE-9322-7422F8664F06} = {582A3259-7499-4576-8573-EBC568143CF9}
		{295BF6D3-FE39-41FC-82B3-E94F97E24845} = {582A3259-7499-4576-8573-EBC568143CF9}
		{D5AB4347-A96F-478D-9B44-9E3CBBDFCBDB} = {EE367C9E-D255-4A7D-8CF4-BFFDE0FAFC1D}
		{BE0170B5-B5C9-4BD8-87CD-12B3C7DF3EDA} = {582A3259-7499-4576-8573-EBC568143CF9}
		{A5E0EC2A-4783-4A53-AE1E-228464FC8F69} = {BE0170B5-B5C9-4BD8-87CD-12B3C7DF3EDA}
		{F1836CE2-59EF-4189-8B9C-D103A511CB27} = {582A3259-7499-4576-8573-EBC568143CF9}
		{AC9B12ED-A2D7-4337-A981-5BD8430E96D8} = {582A3259-7499-4576-8573-EBC568143CF9}
	EndGlobalSection
	GlobalSection(ExtensibilityGlobals) = postSolution
		SolutionGuid = {BBBB23C5-0934-4F23-B836-B0BF6F1E4040}
	EndGlobalSection
EndGlobal
