Microsoft Visual Studio Solution File, Format Version 12.00
# Visual Studio Version 16
VisualStudioVersion = 16.0.28809.33
MinimumVisualStudioVersion = 10.0.40219.1
Project("{8BC9CEB8-8B4A-11D0-8D11-00A0C91BC942}") = "LW_Shader_2015", "plugins\lw\LW_Shader70.vcxproj", "{39EE310B-4F1D-4716-A39F-4AB844DB3670}"
	ProjectSection(ProjectDependencies) = postProject
		{6BA3121A-ACBC-4685-9246-4549CA1EFFFD} = {6BA3121A-ACBC-4685-9246-4549CA1EFFFD}
	EndProjectSection
EndProject
Project("{8BC9CEB8-8B4A-11D0-8D11-00A0C91BC942}") = "LW_Server", "plugins\lw\LW_Server.vcxproj", "{6BA3121A-ACBC-4685-9246-4549CA1EFFFD}"
EndProject
Project("{8BC9CEB8-8B4A-11D0-8D11-00A0C91BC942}") = "LW_Export_2015", "plugins\lw\LW_Export70.vcxproj", "{F573DE85-0866-4775-955F-6C3241D2AE70}"
	ProjectSection(ProjectDependencies) = postProject
		{6BA3121A-ACBC-4685-9246-4549CA1EFFFD} = {6BA3121A-ACBC-4685-9246-4549CA1EFFFD}
		{35448F1E-E96F-40A2-8F46-6FB1D8DFF1F1} = {35448F1E-E96F-40A2-8F46-6FB1D8DFF1F1}
		{722D40C3-FE5A-4A9B-94A5-5DC23A7C7AE1} = {722D40C3-FE5A-4A9B-94A5-5DC23A7C7AE1}
	EndProjectSection
EndProject
Project("{2150E333-8FDC-42A3-9474-1A3956D46DE8}") = "LightWave", "LightWave", "{53CEFE91-0B21-4180-AE28-1E51F7E8CEC2}"
EndProject
Project("{8BC9CEB8-8B4A-11D0-8D11-00A0C91BC942}") = "xrECoreLite", "editors\xrECoreLite\xrECoreLite.vcxproj", "{722D40C3-FE5A-4A9B-94A5-5DC23A7C7AE1}"
EndProject
Project("{8BC9CEB8-8B4A-11D0-8D11-00A0C91BC942}") = "WildMagic", "3rd-party\WildMagic\WildMagic.vcxproj", "{35448F1E-E96F-40A2-8F46-6FB1D8DFF1F1}"
EndProject
Project("{2150E333-8FDC-42A3-9474-1A3956D46DE8}") = "MilkShape", "MilkShape", "{FCDE434A-D7FB-4807-B2C6-717A4D1ACB6E}"
EndProject
Project("{2150E333-8FDC-42A3-9474-1A3956D46DE8}") = "3rd party", "3rd party", "{33E654F3-58B6-45F1-9AE7-A488FFA13709}"
EndProject
Project("{8BC9CEB8-8B4A-11D0-8D11-00A0C91BC942}") = "xrRE", "plugins\xray_re\xray_re.vcxproj", "{7ADF7F28-CC62-489D-81EB-B4922F0611CB}"
	ProjectSection(ProjectDependencies) = postProject
		{F143D180-D4C4-4037-B3DE-BE89A21C8D1D} = {F143D180-D4C4-4037-B3DE-BE89A21C8D1D}
		{1AEB7681-57D8-48EE-813D-5C41CC38B647} = {1AEB7681-57D8-48EE-813D-5C41CC38B647}
	EndProjectSection
EndProject
Project("{8BC9CEB8-8B4A-11D0-8D11-00A0C91BC942}") = "nvtt", "3rd-party\nvtt\vc12\nvtt\nvtt.vcxproj", "{1AEB7681-57D8-48EE-813D-5C41CC38B647}"
	ProjectSection(ProjectDependencies) = postProject
		{CE017322-01FC-4851-9C8B-64E9A8E26C38} = {CE017322-01FC-4851-9C8B-64E9A8E26C38}
		{7DB10B50-CE00-4D7A-B322-6824F05D2FCB} = {7DB10B50-CE00-4D7A-B322-6824F05D2FCB}
		{5E1D4E5F-E10C-4BA3-B663-F33014FD21D9} = {5E1D4E5F-E10C-4BA3-B663-F33014FD21D9}
		{F143D180-D4C4-4037-B3DE-BE89A21C8D1D} = {F143D180-D4C4-4037-B3DE-BE89A21C8D1D}
		{4046F392-A18B-4C66-9639-3EABFFF5D531} = {4046F392-A18B-4C66-9639-3EABFFF5D531}
		{50C465FE-B308-42BC-894D-89484482AF06} = {50C465FE-B308-42BC-894D-89484482AF06}
	EndProjectSection
EndProject
Project("{2150E333-8FDC-42A3-9474-1A3956D46DE8}") = "nvTexturesTools", "nvTexturesTools", "{A7174557-E7A7-4270-AA76-7CF260E46257}"
EndProject
Project("{8BC9CEB8-8B4A-11D0-8D11-00A0C91BC942}") = "nvcore", "3rd-party\nvtt\vc12\nvcore\nvcore.vcxproj", "{F143D180-D4C4-4037-B3DE-BE89A21C8D1D}"
EndProject
Project("{8BC9CEB8-8B4A-11D0-8D11-00A0C91BC942}") = "nvimage", "3rd-party\nvtt\vc12\nvimage\nvimage.vcxproj", "{4046F392-A18B-4C66-9639-3EABFFF5D531}"
	ProjectSection(ProjectDependencies) = postProject
		{CA2604CA-A2AC-49A1-A468-8AB5A2E6CBC9} = {CA2604CA-A2AC-49A1-A468-8AB5A2E6CBC9}
	EndProjectSection
EndProject
Project("{8BC9CEB8-8B4A-11D0-8D11-00A0C91BC942}") = "nvmath", "3rd-party\nvtt\vc12\nvmath\nvmath.vcxproj", "{50C465FE-B308-42BC-894D-89484482AF06}"
EndProject
Project("{8BC9CEB8-8B4A-11D0-8D11-00A0C91BC942}") = "squish", "3rd-party\nvtt\vc12\squish\squish.vcxproj", "{CE017322-01FC-4851-9C8B-64E9A8E26C38}"
EndProject
Project("{8BC9CEB8-8B4A-11D0-8D11-00A0C91BC942}") = "zlib", "3rd-party\zlib\zlib.vcxproj", "{CA2604CA-A2AC-49A1-A468-8AB5A2E6CBC9}"
EndProject
Project("{8BC9CEB8-8B4A-11D0-8D11-00A0C91BC942}") = "LibPNG", "3rd-party\FreeImage\FreeImage\Source\LibPNG\LibPNG.2008.vcxproj", "{7DB10B50-CE00-4D7A-B322-6824F05D2FCB}"
EndProject
Project("{8BC9CEB8-8B4A-11D0-8D11-00A0C91BC942}") = "LibJPEG", "3rd-party\FreeImage\FreeImage\Source\LibJPEG\LibJPEG.2008.vcxproj", "{5E1D4E5F-E10C-4BA3-B663-F33014FD21D9}"
EndProject
Project("{8BC9CEB8-8B4A-11D0-8D11-00A0C91BC942}") = "ms3d_import", "plugins\ms3d\ms3d_import\ms3d_import.vcxproj", "{C28B4754-2914-4255-94C9-17ACFE443585}"
	ProjectSection(ProjectDependencies) = postProject
		{7ADF7F28-CC62-489D-81EB-B4922F0611CB} = {7ADF7F28-CC62-489D-81EB-B4922F0611CB}
	EndProjectSection
EndProject
Project("{8BC9CEB8-8B4A-11D0-8D11-00A0C91BC942}") = "ms3d_export", "plugins\ms3d\ms3d_export\ms3d_export.vcxproj", "{3654E3D8-ECAB-4800-97AC-1034D7D169D4}"
	ProjectSection(ProjectDependencies) = postProject
		{7ADF7F28-CC62-489D-81EB-B4922F0611CB} = {7ADF7F28-CC62-489D-81EB-B4922F0611CB}
	EndProjectSection
EndProject
Project("{8BC9CEB8-8B4A-11D0-8D11-00A0C91BC942}") = "XTools", "editors\XTools\XTools.vcxproj", "{65CBB9D0-FBC6-41A4-8316-F5E9B5D7FB33}"
EndProject
Project("{8BC9CEB8-8B4A-11D0-8D11-00A0C91BC942}") = "xrQSlim", "utils\xrQSlim\xrQSlim.vcxproj", "{F1836CE2-59EF-4189-8B9C-D103A511CB27}"
EndProject
Project("{8BC9CEB8-8B4A-11D0-8D11-00A0C91BC942}") = "MayaExport_2019", "plugins\Maya\Maya_Export2009.vcxproj", "{E5F40F9E-C01B-4B97-9BD5-FC24308D8022}"
EndProject
Project("{8BC9CEB8-8B4A-11D0-8D11-00A0C91BC942}") = "MayaMaterial_2019", "plugins\Maya\Maya_Material2009.vcxproj", "{FFDF27A8-C198-49ED-BA13-4DA9054266C6}"
EndProject
Project("{2150E333-8FDC-42A3-9474-1A3956D46DE8}") = "Maya", "Maya", "{270992E7-135C-41CD-9AE6-AEEF5242717F}"
EndProject
Global
	GlobalSection(SolutionConfigurationPlatforms) = preSolution
		Debug|x64 = Debug|x64
		Debug|x86 = Debug|x86
		Release|x64 = Release|x64
		Release|x86 = Release|x86
	EndGlobalSection
	GlobalSection(ProjectConfigurationPlatforms) = postSolution
		{39EE310B-4F1D-4716-A39F-4AB844DB3670}.Debug|x64.ActiveCfg = Debug|x64
		{39EE310B-4F1D-4716-A39F-4AB844DB3670}.Debug|x64.Build.0 = Debug|x64
		{39EE310B-4F1D-4716-A39F-4AB844DB3670}.Debug|x86.ActiveCfg = Debug|x64
		{39EE310B-4F1D-4716-A39F-4AB844DB3670}.Release|x64.ActiveCfg = Release|x64
		{39EE310B-4F1D-4716-A39F-4AB844DB3670}.Release|x64.Build.0 = Release|x64
		{39EE310B-4F1D-4716-A39F-4AB844DB3670}.Release|x86.ActiveCfg = Release|x64
		{6BA3121A-ACBC-4685-9246-4549CA1EFFFD}.Debug|x64.ActiveCfg = Debug|x64
		{6BA3121A-ACBC-4685-9246-4549CA1EFFFD}.Debug|x64.Build.0 = Debug|x64
		{6BA3121A-ACBC-4685-9246-4549CA1EFFFD}.Debug|x86.ActiveCfg = Debug|x64
		{6BA3121A-ACBC-4685-9246-4549CA1EFFFD}.Release|x64.ActiveCfg = Release|x64
		{6BA3121A-ACBC-4685-9246-4549CA1EFFFD}.Release|x64.Build.0 = Release|x64
		{6BA3121A-ACBC-4685-9246-4549CA1EFFFD}.Release|x86.ActiveCfg = Release|x64
		{F573DE85-0866-4775-955F-6C3241D2AE70}.Debug|x64.ActiveCfg = Debug|x64
		{F573DE85-0866-4775-955F-6C3241D2AE70}.Debug|x64.Build.0 = Debug|x64
		{F573DE85-0866-4775-955F-6C3241D2AE70}.Debug|x86.ActiveCfg = Debug|x64
		{F573DE85-0866-4775-955F-6C3241D2AE70}.Release|x64.ActiveCfg = Release|x64
		{F573DE85-0866-4775-955F-6C3241D2AE70}.Release|x64.Build.0 = Release|x64
		{F573DE85-0866-4775-955F-6C3241D2AE70}.Release|x86.ActiveCfg = Release|x64
		{722D40C3-FE5A-4A9B-94A5-5DC23A7C7AE1}.Debug|x64.ActiveCfg = Debug|x64
		{722D40C3-FE5A-4A9B-94A5-5DC23A7C7AE1}.Debug|x64.Build.0 = Debug|x64
		{722D40C3-FE5A-4A9B-94A5-5DC23A7C7AE1}.Debug|x86.ActiveCfg = Debug|x64
		{722D40C3-FE5A-4A9B-94A5-5DC23A7C7AE1}.Release|x64.ActiveCfg = Release|x64
		{722D40C3-FE5A-4A9B-94A5-5DC23A7C7AE1}.Release|x64.Build.0 = Release|x64
		{722D40C3-FE5A-4A9B-94A5-5DC23A7C7AE1}.Release|x86.ActiveCfg = Release|x64
		{35448F1E-E96F-40A2-8F46-6FB1D8DFF1F1}.Debug|x64.ActiveCfg = Debug|x64
		{35448F1E-E96F-40A2-8F46-6FB1D8DFF1F1}.Debug|x64.Build.0 = Debug|x64
		{35448F1E-E96F-40A2-8F46-6FB1D8DFF1F1}.Debug|x86.ActiveCfg = Debug|x64
		{35448F1E-E96F-40A2-8F46-6FB1D8DFF1F1}.Release|x64.ActiveCfg = Release|x64
		{35448F1E-E96F-40A2-8F46-6FB1D8DFF1F1}.Release|x64.Build.0 = Release|x64
		{35448F1E-E96F-40A2-8F46-6FB1D8DFF1F1}.Release|x86.ActiveCfg = Release|x64
		{7ADF7F28-CC62-489D-81EB-B4922F0611CB}.Debug|x64.ActiveCfg = Release|x64
		{7ADF7F28-CC62-489D-81EB-B4922F0611CB}.Debug|x64.Build.0 = Release|x64
		{7ADF7F28-CC62-489D-81EB-B4922F0611CB}.Debug|x86.ActiveCfg = Debug|Win32
		{7ADF7F28-CC62-489D-81EB-B4922F0611CB}.Debug|x86.Build.0 = Debug|Win32
		{7ADF7F28-CC62-489D-81EB-B4922F0611CB}.Release|x64.ActiveCfg = Release|x64
		{7ADF7F28-CC62-489D-81EB-B4922F0611CB}.Release|x64.Build.0 = Release|x64
		{7ADF7F28-CC62-489D-81EB-B4922F0611CB}.Release|x86.ActiveCfg = Release|Win32
		{7ADF7F28-CC62-489D-81EB-B4922F0611CB}.Release|x86.Build.0 = Release|Win32
		{1AEB7681-57D8-48EE-813D-5C41CC38B647}.Debug|x64.ActiveCfg = Debug|x64
		{1AEB7681-57D8-48EE-813D-5C41CC38B647}.Debug|x64.Build.0 = Debug|x64
		{1AEB7681-57D8-48EE-813D-5C41CC38B647}.Debug|x86.ActiveCfg = Debug|x64
		{1AEB7681-57D8-48EE-813D-5C41CC38B647}.Release|x64.ActiveCfg = Release|x64
		{1AEB7681-57D8-48EE-813D-5C41CC38B647}.Release|x64.Build.0 = Release|x64
		{1AEB7681-57D8-48EE-813D-5C41CC38B647}.Release|x86.ActiveCfg = Release|Win32
		{1AEB7681-57D8-48EE-813D-5C41CC38B647}.Release|x86.Build.0 = Release|Win32
		{F143D180-D4C4-4037-B3DE-BE89A21C8D1D}.Debug|x64.ActiveCfg = Debug|x64
		{F143D180-D4C4-4037-B3DE-BE89A21C8D1D}.Debug|x64.Build.0 = Debug|x64
		{F143D180-D4C4-4037-B3DE-BE89A21C8D1D}.Debug|x86.ActiveCfg = Debug|x64
		{F143D180-D4C4-4037-B3DE-BE89A21C8D1D}.Release|x64.ActiveCfg = Release|x64
		{F143D180-D4C4-4037-B3DE-BE89A21C8D1D}.Release|x64.Build.0 = Release|x64
		{F143D180-D4C4-4037-B3DE-BE89A21C8D1D}.Release|x86.ActiveCfg = Release|Win32
		{F143D180-D4C4-4037-B3DE-BE89A21C8D1D}.Release|x86.Build.0 = Release|Win32
		{4046F392-A18B-4C66-9639-3EABFFF5D531}.Debug|x64.ActiveCfg = Debug|x64
		{4046F392-A18B-4C66-9639-3EABFFF5D531}.Debug|x64.Build.0 = Debug|x64
		{4046F392-A18B-4C66-9639-3EABFFF5D531}.Debug|x86.ActiveCfg = Debug|x64
		{4046F392-A18B-4C66-9639-3EABFFF5D531}.Release|x64.ActiveCfg = Release|x64
		{4046F392-A18B-4C66-9639-3EABFFF5D531}.Release|x64.Build.0 = Release|x64
		{4046F392-A18B-4C66-9639-3EABFFF5D531}.Release|x86.ActiveCfg = Release|Win32
		{4046F392-A18B-4C66-9639-3EABFFF5D531}.Release|x86.Build.0 = Release|Win32
		{50C465FE-B308-42BC-894D-89484482AF06}.Debug|x64.ActiveCfg = Debug|x64
		{50C465FE-B308-42BC-894D-89484482AF06}.Debug|x64.Build.0 = Debug|x64
		{50C465FE-B308-42BC-894D-89484482AF06}.Debug|x86.ActiveCfg = Debug|x64
		{50C465FE-B308-42BC-894D-89484482AF06}.Release|x64.ActiveCfg = Release|x64
		{50C465FE-B308-42BC-894D-89484482AF06}.Release|x64.Build.0 = Release|x64
		{50C465FE-B308-42BC-894D-89484482AF06}.Release|x86.ActiveCfg = Release|Win32
		{50C465FE-B308-42BC-894D-89484482AF06}.Release|x86.Build.0 = Release|Win32
		{CE017322-01FC-4851-9C8B-64E9A8E26C38}.Debug|x64.ActiveCfg = Debug|x64
		{CE017322-01FC-4851-9C8B-64E9A8E26C38}.Debug|x64.Build.0 = Debug|x64
		{CE017322-01FC-4851-9C8B-64E9A8E26C38}.Debug|x86.ActiveCfg = Debug|x64
		{CE017322-01FC-4851-9C8B-64E9A8E26C38}.Release|x64.ActiveCfg = Release|x64
		{CE017322-01FC-4851-9C8B-64E9A8E26C38}.Release|x64.Build.0 = Release|x64
		{CE017322-01FC-4851-9C8B-64E9A8E26C38}.Release|x86.ActiveCfg = Release|Win32
		{CE017322-01FC-4851-9C8B-64E9A8E26C38}.Release|x86.Build.0 = Release|Win32
		{CA2604CA-A2AC-49A1-A468-8AB5A2E6CBC9}.Debug|x64.ActiveCfg = Debug|x64
		{CA2604CA-A2AC-49A1-A468-8AB5A2E6CBC9}.Debug|x64.Build.0 = Debug|x64
		{CA2604CA-A2AC-49A1-A468-8AB5A2E6CBC9}.Debug|x86.ActiveCfg = Debug|x64
		{CA2604CA-A2AC-49A1-A468-8AB5A2E6CBC9}.Release|x64.ActiveCfg = Release|x64
		{CA2604CA-A2AC-49A1-A468-8AB5A2E6CBC9}.Release|x64.Build.0 = Release|x64
		{CA2604CA-A2AC-49A1-A468-8AB5A2E6CBC9}.Release|x86.ActiveCfg = Release|Win32
		{CA2604CA-A2AC-49A1-A468-8AB5A2E6CBC9}.Release|x86.Build.0 = Release|Win32
		{7DB10B50-CE00-4D7A-B322-6824F05D2FCB}.Debug|x64.ActiveCfg = Debug|x64
		{7DB10B50-CE00-4D7A-B322-6824F05D2FCB}.Debug|x64.Build.0 = Debug|x64
		{7DB10B50-CE00-4D7A-B322-6824F05D2FCB}.Debug|x86.ActiveCfg = Debug|Win32
		{7DB10B50-CE00-4D7A-B322-6824F05D2FCB}.Debug|x86.Build.0 = Debug|Win32
		{7DB10B50-CE00-4D7A-B322-6824F05D2FCB}.Release|x64.ActiveCfg = Release|x64
		{7DB10B50-CE00-4D7A-B322-6824F05D2FCB}.Release|x64.Build.0 = Release|x64
		{7DB10B50-CE00-4D7A-B322-6824F05D2FCB}.Release|x86.ActiveCfg = Release|Win32
		{7DB10B50-CE00-4D7A-B322-6824F05D2FCB}.Release|x86.Build.0 = Release|Win32
		{5E1D4E5F-E10C-4BA3-B663-F33014FD21D9}.Debug|x64.ActiveCfg = Debug|x64
		{5E1D4E5F-E10C-4BA3-B663-F33014FD21D9}.Debug|x64.Build.0 = Debug|x64
		{5E1D4E5F-E10C-4BA3-B663-F33014FD21D9}.Debug|x86.ActiveCfg = Debug|Win32
		{5E1D4E5F-E10C-4BA3-B663-F33014FD21D9}.Debug|x86.Build.0 = Debug|Win32
		{5E1D4E5F-E10C-4BA3-B663-F33014FD21D9}.Release|x64.ActiveCfg = Release|x64
		{5E1D4E5F-E10C-4BA3-B663-F33014FD21D9}.Release|x64.Build.0 = Release|x64
		{5E1D4E5F-E10C-4BA3-B663-F33014FD21D9}.Release|x86.ActiveCfg = Release|Win32
		{5E1D4E5F-E10C-4BA3-B663-F33014FD21D9}.Release|x86.Build.0 = Release|Win32
		{C28B4754-2914-4255-94C9-17ACFE443585}.Debug|x64.ActiveCfg = Debug|Win32
		{C28B4754-2914-4255-94C9-17ACFE443585}.Debug|x86.ActiveCfg = Debug|Win32
		{C28B4754-2914-4255-94C9-17ACFE443585}.Debug|x86.Build.0 = Debug|Win32
		{C28B4754-2914-4255-94C9-17ACFE443585}.Release|x64.ActiveCfg = Release|Win32
		{C28B4754-2914-4255-94C9-17ACFE443585}.Release|x86.ActiveCfg = Release|Win32
		{C28B4754-2914-4255-94C9-17ACFE443585}.Release|x86.Build.0 = Release|Win32
		{3654E3D8-ECAB-4800-97AC-1034D7D169D4}.Debug|x64.ActiveCfg = Debug|Win32
		{3654E3D8-ECAB-4800-97AC-1034D7D169D4}.Debug|x86.ActiveCfg = Debug|Win32
		{3654E3D8-ECAB-4800-97AC-1034D7D169D4}.Debug|x86.Build.0 = Debug|Win32
		{3654E3D8-ECAB-4800-97AC-1034D7D169D4}.Release|x64.ActiveCfg = Release|Win32
		{3654E3D8-ECAB-4800-97AC-1034D7D169D4}.Release|x86.ActiveCfg = Release|Win32
		{3654E3D8-ECAB-4800-97AC-1034D7D169D4}.Release|x86.Build.0 = Release|Win32
		{65CBB9D0-FBC6-41A4-8316-F5E9B5D7FB33}.Debug|x64.ActiveCfg = Debug|x64
		{65CBB9D0-FBC6-41A4-8316-F5E9B5D7FB33}.Debug|x64.Build.0 = Debug|x64
		{65CBB9D0-FBC6-41A4-8316-F5E9B5D7FB33}.Debug|x86.ActiveCfg = Debug|x64
		{65CBB9D0-FBC6-41A4-8316-F5E9B5D7FB33}.Release|x64.ActiveCfg = Release|x64
		{65CBB9D0-FBC6-41A4-8316-F5E9B5D7FB33}.Release|x64.Build.0 = Release|x64
		{65CBB9D0-FBC6-41A4-8316-F5E9B5D7FB33}.Release|x86.ActiveCfg = Release|x64
		{F1836CE2-59EF-4189-8B9C-D103A511CB27}.Debug|x64.ActiveCfg = Debug|x64
		{F1836CE2-59EF-4189-8B9C-D103A511CB27}.Debug|x64.Build.0 = Debug|x64
		{F1836CE2-59EF-4189-8B9C-D103A511CB27}.Debug|x86.ActiveCfg = Debug|x64
		{F1836CE2-59EF-4189-8B9C-D103A511CB27}.Release|x64.ActiveCfg = Release|x64
		{F1836CE2-59EF-4189-8B9C-D103A511CB27}.Release|x64.Build.0 = Release|x64
		{F1836CE2-59EF-4189-8B9C-D103A511CB27}.Release|x86.ActiveCfg = Release|x64
		{E5F40F9E-C01B-4B97-9BD5-FC24308D8022}.Debug|x64.ActiveCfg = Debug|x64
		{E5F40F9E-C01B-4B97-9BD5-FC24308D8022}.Debug|x64.Build.0 = Debug|x64
		{E5F40F9E-C01B-4B97-9BD5-FC24308D8022}.Debug|x86.ActiveCfg = Debug|x64
		{E5F40F9E-C01B-4B97-9BD5-FC24308D8022}.Release|x64.ActiveCfg = Release|x64
		{E5F40F9E-C01B-4B97-9BD5-FC24308D8022}.Release|x64.Build.0 = Release|x64
		{E5F40F9E-C01B-4B97-9BD5-FC24308D8022}.Release|x86.ActiveCfg = Release|x64
		{FFDF27A8-C198-49ED-BA13-4DA9054266C6}.Debug|x64.ActiveCfg = Debug|x64
		{FFDF27A8-C198-49ED-BA13-4DA9054266C6}.Debug|x64.Build.0 = Debug|x64
		{FFDF27A8-C198-49ED-BA13-4DA9054266C6}.Debug|x86.ActiveCfg = Debug|x64
		{FFDF27A8-C198-49ED-BA13-4DA9054266C6}.Release|x64.ActiveCfg = Release|x64
		{FFDF27A8-C198-49ED-BA13-4DA9054266C6}.Release|x64.Build.0 = Release|x64
		{FFDF27A8-C198-49ED-BA13-4DA9054266C6}.Release|x86.ActiveCfg = Release|x64
	EndGlobalSection
	GlobalSection(SolutionProperties) = preSolution
		HideSolutionNode = FALSE
	EndGlobalSection
	GlobalSection(NestedProjects) = preSolution
		{39EE310B-4F1D-4716-A39F-4AB844DB3670} = {53CEFE91-0B21-4180-AE28-1E51F7E8CEC2}
		{6BA3121A-ACBC-4685-9246-4549CA1EFFFD} = {53CEFE91-0B21-4180-AE28-1E51F7E8CEC2}
		{F573DE85-0866-4775-955F-6C3241D2AE70} = {53CEFE91-0B21-4180-AE28-1E51F7E8CEC2}
		{35448F1E-E96F-40A2-8F46-6FB1D8DFF1F1} = {33E654F3-58B6-45F1-9AE7-A488FFA13709}
		{1AEB7681-57D8-48EE-813D-5C41CC38B647} = {A7174557-E7A7-4270-AA76-7CF260E46257}
		{A7174557-E7A7-4270-AA76-7CF260E46257} = {33E654F3-58B6-45F1-9AE7-A488FFA13709}
		{F143D180-D4C4-4037-B3DE-BE89A21C8D1D} = {A7174557-E7A7-4270-AA76-7CF260E46257}
		{4046F392-A18B-4C66-9639-3EABFFF5D531} = {A7174557-E7A7-4270-AA76-7CF260E46257}
		{50C465FE-B308-42BC-894D-89484482AF06} = {A7174557-E7A7-4270-AA76-7CF260E46257}
		{CE017322-01FC-4851-9C8B-64E9A8E26C38} = {33E654F3-58B6-45F1-9AE7-A488FFA13709}
		{CA2604CA-A2AC-49A1-A468-8AB5A2E6CBC9} = {33E654F3-58B6-45F1-9AE7-A488FFA13709}
		{7DB10B50-CE00-4D7A-B322-6824F05D2FCB} = {33E654F3-58B6-45F1-9AE7-A488FFA13709}
		{5E1D4E5F-E10C-4BA3-B663-F33014FD21D9} = {33E654F3-58B6-45F1-9AE7-A488FFA13709}
		{C28B4754-2914-4255-94C9-17ACFE443585} = {FCDE434A-D7FB-4807-B2C6-717A4D1ACB6E}
		{3654E3D8-ECAB-4800-97AC-1034D7D169D4} = {FCDE434A-D7FB-4807-B2C6-717A4D1ACB6E}
		{F1836CE2-59EF-4189-8B9C-D103A511CB27} = {33E654F3-58B6-45F1-9AE7-A488FFA13709}
		{E5F40F9E-C01B-4B97-9BD5-FC24308D8022} = {270992E7-135C-41CD-9AE6-AEEF5242717F}
		{FFDF27A8-C198-49ED-BA13-4DA9054266C6} = {270992E7-135C-41CD-9AE6-AEEF5242717F}
	EndGlobalSection
	GlobalSection(ExtensibilityGlobals) = postSolution
		SolutionGuid = {6A669D6B-62A3-488E-B248-ED632DF27BDC}
	EndGlobalSection
	GlobalSection(DPCodeReviewSolutionGUID) = preSolution
		DPCodeReviewSolutionGUID = {00000000-0000-0000-0000-000000000000}
	EndGlobalSection
EndGlobal
