<?xml version="1.0" encoding="utf-8"?>
<Project ToolsVersion="4.0" xmlns="http://schemas.microsoft.com/developer/msbuild/2003">
  <ItemGroup>
    <Filter Include="Interfaces">
      <UniqueIdentifier>{2ced8cad-5920-4b1f-8b61-ca138c6b31c1}</UniqueIdentifier>
    </Filter>
    <Filter Include="Interfaces\Input">
      <UniqueIdentifier>{5697d6c1-81ec-42ad-9579-a5c7d27970ae}</UniqueIdentifier>
    </Filter>
    <Filter Include="Interfaces\Sheduler">
      <UniqueIdentifier>{2cc3d381-bd58-4cef-9e42-1d6c54f8f3a4}</UniqueIdentifier>
    </Filter>
    <Filter Include="Interfaces\Render">
      <UniqueIdentifier>{e96e144f-95d2-4407-a78f-7b20aad1d8c6}</UniqueIdentifier>
    </Filter>
    <Filter Include="Interfaces\Collidable">
      <UniqueIdentifier>{829d4c8e-68b9-4783-a7cb-1a5d969a655a}</UniqueIdentifier>
    </Filter>
    <Filter Include="Interfaces\Physics">
      <UniqueIdentifier>{aa6407c2-2804-4c53-a2f4-3e8e07d8c73b}</UniqueIdentifier>
    </Filter>
    <Filter Include="Game API">
      <UniqueIdentifier>{3e5d79d2-f4d2-431d-9df4-e13f9cba5de7}</UniqueIdentifier>
    </Filter>
    <Filter Include="Game API\Objects">
      <UniqueIdentifier>{e501bbd8-8e8e-4f81-b5a1-2313479c943f}</UniqueIdentifier>
    </Filter>
    <Filter Include="Game API\HUD">
      <UniqueIdentifier>{83000aed-56d3-468a-a159-beab55070522}</UniqueIdentifier>
    </Filter>
    <Filter Include="Game API\Environment">
      <UniqueIdentifier>{33108355-4e0a-4fa7-8c69-1be3b57ccbcf}</UniqueIdentifier>
    </Filter>
    <Filter Include="Game API\Environment\Effects">
      <UniqueIdentifier>{5e09b4ec-8d3b-4010-a14c-0b2cca0ee89e}</UniqueIdentifier>
    </Filter>
    <Filter Include="Game API\Cameras">
      <UniqueIdentifier>{e38971e5-b6f7-4d0a-bed4-4cce1d3acef9}</UniqueIdentifier>
    </Filter>
    <Filter Include="Game API\Collision">
      <UniqueIdentifier>{1053ef56-2594-4a5b-8bce-4d7dcdd47d62}</UniqueIdentifier>
    </Filter>
    <Filter Include="Game API\Animator">
      <UniqueIdentifier>{ea26105a-154a-46a0-901e-7cae8a5db6b1}</UniqueIdentifier>
    </Filter>
    <Filter Include="Game API\Feelers">
      <UniqueIdentifier>{dfaa6d2b-20db-4f6d-b80c-ed7cf9bcf8eb}</UniqueIdentifier>
    </Filter>
    <Filter Include="Game API\Demo">
      <UniqueIdentifier>{01fe801a-7800-461c-bad5-f6c84b7605e8}</UniqueIdentifier>
    </Filter>
    <Filter Include="Game API\GameMaterials">
      <UniqueIdentifier>{2b2af0ae-d540-4cee-81c6-482547b85208}</UniqueIdentifier>
    </Filter>
    <Filter Include="Game API\Debug">
      <UniqueIdentifier>{408747ed-9b7e-42b4-afa9-66b10666bbdb}</UniqueIdentifier>
    </Filter>
    <Filter Include="Interfaces\Render\Visuals">
      <UniqueIdentifier>{91f6ebfc-c691-4015-a4ad-60b72f162a50}</UniqueIdentifier>
    </Filter>
    <Filter Include="Interfaces\Render\Visuals\Skeleton">
      <UniqueIdentifier>{7d0f1106-94e1-444f-86ca-69a39e15cb64}</UniqueIdentifier>
    </Filter>
    <Filter Include="Interfaces\Render\Visibility">
      <UniqueIdentifier>{9431ef01-1320-4493-9605-4e0878e66b6a}</UniqueIdentifier>
    </Filter>
    <Filter Include="Interfaces\Render\Particle system">
      <UniqueIdentifier>{90ae3a67-7cf5-436d-ab7a-beb7c59fb76a}</UniqueIdentifier>
    </Filter>
    <Filter Include="Interfaces\Render\Lighting">
      <UniqueIdentifier>{c59310f4-6cbc-4bf6-9e03-d5d8b4046421}</UniqueIdentifier>
    </Filter>
    <Filter Include="Interfaces\Render\Font output">
      <UniqueIdentifier>{4572dbba-3f6c-4009-8174-c3e2ab7b736d}</UniqueIdentifier>
    </Filter>
    <Filter Include="Interfaces\Render\Execution &amp; 3D">
      <UniqueIdentifier>{240f39d5-58ba-4674-9d6c-9517c7158664}</UniqueIdentifier>
    </Filter>
    <Filter Include="Interfaces\Render\Execution &amp; 3D\Shaders">
      <UniqueIdentifier>{7a8b51ee-b719-4d58-bb7c-aacdf3a156b4}</UniqueIdentifier>
    </Filter>
    <Filter Include="Interfaces\Render\Execution &amp; 3D\Shaders\Textures">
      <UniqueIdentifier>{78ce597d-3690-4095-8043-769d9ecc9355}</UniqueIdentifier>
    </Filter>
    <Filter Include="Interfaces\Render\Execution &amp; 3D\TextConsole">
      <UniqueIdentifier>{5df4318d-64af-4a07-834a-0712d9482df1}</UniqueIdentifier>
    </Filter>
    <Filter Include="Engine">
      <UniqueIdentifier>{d158ee0c-a594-4b02-92f2-286d9afd76de}</UniqueIdentifier>
    </Filter>
    <Filter Include="Engine\Console">
      <UniqueIdentifier>{7a4f13ec-5100-4600-8870-155f26d1228d}</UniqueIdentifier>
    </Filter>
    <Filter Include="Engine\Core">
      <UniqueIdentifier>{eff2fdef-e738-4789-bdd5-a258812b1e44}</UniqueIdentifier>
    </Filter>
    <Filter Include="Engine\Noise">
      <UniqueIdentifier>{93a72d32-bf1d-4546-920d-1e2b226510b8}</UniqueIdentifier>
    </Filter>
    <Filter Include="Engine\text_editor">
      <UniqueIdentifier>{dd325f1d-6897-4741-9c64-3d43d504e17f}</UniqueIdentifier>
    </Filter>
    <Filter Include="Engine\text_editor\line_editor">
      <UniqueIdentifier>{6c0f9a0a-de72-45e4-ad96-c6b2b779c43b}</UniqueIdentifier>
    </Filter>
    <Filter Include="Engine\text_editor\line_editor_control">
      <UniqueIdentifier>{814ef481-bb98-47ba-8156-cba43c50dbdb}</UniqueIdentifier>
    </Filter>
    <Filter Include="Engine\text_editor\edit_actions">
      <UniqueIdentifier>{b52f146a-c846-492c-be78-a724c4bc8c9c}</UniqueIdentifier>
    </Filter>
    <Filter Include="Device">
      <UniqueIdentifier>{0bcaaabd-28be-4fc6-aee0-5c8529d8e19e}</UniqueIdentifier>
    </Filter>
    <Filter Include="Game API\GameTime">
      <UniqueIdentifier>{52a2ebd5-e7e2-4baf-b02c-6a0c4297c6c2}</UniqueIdentifier>
    </Filter>
    <Filter Include="Game API\NetServer">
      <UniqueIdentifier>{92513ec2-b350-4a0d-b927-6ad48a38eca8}</UniqueIdentifier>
    </Filter>
    <Filter Include="Kernel">
      <UniqueIdentifier>{a111e29f-5a82-4e9d-90e3-d2f04b02d807}</UniqueIdentifier>
    </Filter>
    <Filter Include="Game API\RenderRef">
      <UniqueIdentifier>{681edbdc-1817-4f68-b099-f0a81a38e242}</UniqueIdentifier>
    </Filter>
    <Filter Include="Game API\RenderRef\Execution &amp; 3D">
      <UniqueIdentifier>{53f9dee2-70c7-4ed1-bf7b-06ba84f15a4f}</UniqueIdentifier>
    </Filter>
    <Filter Include="Game API\RenderRef\Execution &amp; 3D\Visuals">
      <UniqueIdentifier>{51ebe306-482a-4643-8c2c-f16953b5e3d8}</UniqueIdentifier>
    </Filter>
    <Filter Include="Game API\RenderRef\Execution &amp; 3D\Visuals\Skeleton">
      <UniqueIdentifier>{51dac9fb-ca56-44cc-b86b-4bcbe28922da}</UniqueIdentifier>
    </Filter>
    <Filter Include="Game API\Level">
      <UniqueIdentifier>{f95a2f74-5e20-47a4-9614-4353cd722baf}</UniqueIdentifier>
    </Filter>
    <Filter Include="Device\Stats">
      <UniqueIdentifier>{2c2e368f-497f-4dce-a130-d87a6e85b061}</UniqueIdentifier>
    </Filter>
    <Filter Include="Engine\Console\Commands">
      <UniqueIdentifier>{2110994a-df87-4459-aa52-2560d716bb23}</UniqueIdentifier>
    </Filter>
    <Filter Include="Game API\Environment\Effects\LensFlare">
      <UniqueIdentifier>{41979ba2-8649-44c1-bf4d-5b5a77a82a29}</UniqueIdentifier>
    </Filter>
    <Filter Include="Game API\Environment\Effects\Rain">
      <UniqueIdentifier>{0cebaf05-231d-45fa-82b2-2b6cff49312b}</UniqueIdentifier>
    </Filter>
    <Filter Include="Game API\Environment\Effects\Thunderbolt">
      <UniqueIdentifier>{5cff94a2-2753-4c83-a32b-5294308f4a62}</UniqueIdentifier>
    </Filter>
    <Filter Include="Game API\RenderRef\Execution &amp; 3D\Visuals">
      <UniqueIdentifier>{51ebe306-482a-4643-8c2c-f16953b5e3d8}</UniqueIdentifier>
    </Filter>
    <Filter Include="Game API\RenderRef\Execution &amp; 3D\Visuals\Skeleton">
      <UniqueIdentifier>{51dac9fb-ca56-44cc-b86b-4bcbe28922da}</UniqueIdentifier>
    </Filter>
    <Filter Include="Spectre">
      <UniqueIdentifier>{814d34e1-3873-4ffd-a040-ed3993c26022}</UniqueIdentifier>
    </Filter>
    <Filter Include="Game API\Level">
      <UniqueIdentifier>{f95a2f74-5e20-47a4-9614-4353cd722baf}</UniqueIdentifier>
    </Filter>
    <Filter Include="Device\Stats">
      <UniqueIdentifier>{2c2e368f-497f-4dce-a130-d87a6e85b061}</UniqueIdentifier>
    </Filter>
    <Filter Include="Interfaces\Discord">
      <UniqueIdentifier>{f1004f51-b80f-4c12-a930-80f1ea7e1f0d}</UniqueIdentifier>
    </Filter>
    <Filter Include="Interfaces\Ansel SDK">
      <UniqueIdentifier>{4748e55e-298c-4d97-a139-2ec3b9c51b87}</UniqueIdentifier>
    </Filter>
    <Filter Include="Game API\Environment\Hemisphere">
      <UniqueIdentifier>{6deaf446-9248-4ae4-93cc-3d7855bfcbed}</UniqueIdentifier>
    </Filter>
    <Filter Include="Engine\GPU">
      <UniqueIdentifier>{3639cf0d-7c52-4245-ba7e-455492fb902d}</UniqueIdentifier>
    </Filter>
    <Filter Include="Engine\GPU\AMD">
      <UniqueIdentifier>{8ed1a310-6252-4a03-811e-732ea1408fc9}</UniqueIdentifier>
    </Filter>
    <Filter Include="Engine\GPU\NVIDIA">
      <UniqueIdentifier>{2a2026a0-f063-4565-8dbb-0cecec9ee7bd}</UniqueIdentifier>
    </Filter>
  </ItemGroup>
  <ItemGroup>
    <ClInclude Include="_d3d_extensions.h">
      <Filter>Kernel</Filter>
    </ClInclude>
    <ClInclude Include="defines.h">
      <Filter>Kernel</Filter>
    </ClInclude>
    <ClInclude Include="stdafx.h">
      <Filter>Kernel</Filter>
    </ClInclude>
    <ClInclude Include="trivial_encryptor.h">
      <Filter>Kernel</Filter>
    </ClInclude>
    <ClInclude Include="x_ray.h">
      <Filter>Kernel</Filter>
    </ClInclude>
    <ClInclude Include="IInputReceiver.h">
      <Filter>Interfaces\Input</Filter>
    </ClInclude>
    <ClInclude Include="xr_input.h">
      <Filter>Interfaces\Input</Filter>
    </ClInclude>
    <ClInclude Include="ISheduled.h">
      <Filter>Interfaces\Sheduler</Filter>
    </ClInclude>
    <ClInclude Include="xrSheduler.h">
      <Filter>Interfaces\Sheduler</Filter>
    </ClInclude>
    <ClInclude Include="IRenderable.h">
      <Filter>Interfaces\Render</Filter>
    </ClInclude>
    <ClInclude Include="Render.h">
      <Filter>Interfaces\Render</Filter>
    </ClInclude>
    <ClInclude Include="ICollidable.h">
      <Filter>Interfaces\Collidable</Filter>
    </ClInclude>
    <ClInclude Include="IObjectPhysicsCollision.h">
      <Filter>Interfaces\Physics</Filter>
    </ClInclude>
    <ClInclude Include="IPHdebug.h">
      <Filter>Interfaces\Physics</Filter>
    </ClInclude>
    <ClInclude Include="IPhysicsGeometry.h">
      <Filter>Interfaces\Physics</Filter>
    </ClInclude>
    <ClInclude Include="IPhysicsShell.h">
      <Filter>Interfaces\Physics</Filter>
    </ClInclude>
    <ClInclude Include="xrLevel.h">
      <Filter>Game API</Filter>
    </ClInclude>
    <ClInclude Include="IGame_ObjectPool.h">
      <Filter>Game API\Objects</Filter>
    </ClInclude>
    <ClInclude Include="IGame_Persistent.h">
      <Filter>Game API\Objects</Filter>
    </ClInclude>
    <ClInclude Include="pure_relcase.h">
      <Filter>Game API\Objects</Filter>
    </ClInclude>
    <ClInclude Include="xr_object.h">
      <Filter>Game API\Objects</Filter>
    </ClInclude>
    <ClInclude Include="xr_object_list.h">
      <Filter>Game API\Objects</Filter>
    </ClInclude>
    <ClInclude Include="CustomHUD.h">
      <Filter>Game API\HUD</Filter>
    </ClInclude>
    <ClInclude Include="Environment.h">
      <Filter>Game API\Environment</Filter>
    </ClInclude>
    <ClInclude Include="CameraBase.h">
      <Filter>Game API\Cameras</Filter>
    </ClInclude>
    <ClInclude Include="CameraDefs.h">
      <Filter>Game API\Cameras</Filter>
    </ClInclude>
    <ClInclude Include="CameraManager.h">
      <Filter>Game API\Cameras</Filter>
    </ClInclude>
    <ClInclude Include="Effector.h">
      <Filter>Game API\Cameras</Filter>
    </ClInclude>
    <ClInclude Include="EffectorPP.h">
      <Filter>Game API\Cameras</Filter>
    </ClInclude>
    <ClInclude Include="cf_dynamic_mesh.h">
      <Filter>Game API\Collision</Filter>
    </ClInclude>
    <ClInclude Include="xr_collide_form.h">
      <Filter>Game API\Collision</Filter>
    </ClInclude>
    <ClInclude Include="bone.h">
      <Filter>Game API\Animator</Filter>
    </ClInclude>
    <ClInclude Include="envelope.h">
      <Filter>Game API\Animator</Filter>
    </ClInclude>
    <ClInclude Include="motion.h">
      <Filter>Game API\Animator</Filter>
    </ClInclude>
    <ClInclude Include="ObjectAnimator.h">
      <Filter>Game API\Animator</Filter>
    </ClInclude>
    <ClInclude Include="Feel_Sound.h">
      <Filter>Game API\Feelers</Filter>
    </ClInclude>
    <ClInclude Include="Feel_Touch.h">
      <Filter>Game API\Feelers</Filter>
    </ClInclude>
    <ClInclude Include="Feel_Vision.h">
      <Filter>Game API\Feelers</Filter>
    </ClInclude>
    <ClInclude Include="FDemoPlay.h">
      <Filter>Game API\Demo</Filter>
    </ClInclude>
    <ClInclude Include="FDemoRecord.h">
      <Filter>Game API\Demo</Filter>
    </ClInclude>
    <ClInclude Include="GameMtlLib.h">
      <Filter>Game API\GameMaterials</Filter>
    </ClInclude>
    <ClInclude Include="ObjectDump.h">
      <Filter>Game API\Debug</Filter>
    </ClInclude>
    <ClInclude Include="EnnumerateVertices.h">
      <Filter>Interfaces\Render\Visuals\Skeleton</Filter>
    </ClInclude>
    <ClInclude Include="vis_common.h">
      <Filter>Interfaces\Render\Visibility</Filter>
    </ClInclude>
    <ClInclude Include="PS_instance.h">
      <Filter>Interfaces\Render\Particle system</Filter>
    </ClInclude>
    <ClInclude Include="LightAnimLibrary.h">
      <Filter>Interfaces\Render\Lighting</Filter>
    </ClInclude>
    <ClInclude Include="GameFont.h">
      <Filter>Interfaces\Render\Font output</Filter>
    </ClInclude>
    <ClInclude Include="MbHelpers.h">
      <Filter>Interfaces\Render\Font output</Filter>
    </ClInclude>
    <ClInclude Include="Shader_xrLC.h">
      <Filter>Interfaces\Render\Execution &amp; 3D\Shaders</Filter>
    </ClInclude>
    <ClInclude Include="WaveForm.h">
      <Filter>Interfaces\Render\Execution &amp; 3D\Shaders</Filter>
    </ClInclude>
    <ClInclude Include="tntQAVI.h">
      <Filter>Interfaces\Render\Execution &amp; 3D\Shaders\Textures</Filter>
    </ClInclude>
    <ClInclude Include="xrImage_Resampler.h">
      <Filter>Interfaces\Render\Execution &amp; 3D\Shaders\Textures</Filter>
    </ClInclude>
    <ClInclude Include="xrTheora_Stream.h">
      <Filter>Interfaces\Render\Execution &amp; 3D\Shaders\Textures</Filter>
    </ClInclude>
    <ClInclude Include="xrTheora_Surface.h">
      <Filter>Interfaces\Render\Execution &amp; 3D\Shaders\Textures</Filter>
    </ClInclude>
    <ClInclude Include="xrTheora_Surface_mmx.h">
      <Filter>Interfaces\Render\Execution &amp; 3D\Shaders\Textures</Filter>
    </ClInclude>
    <ClInclude Include="Text_Console.h">
      <Filter>Interfaces\Render\Execution &amp; 3D\TextConsole</Filter>
    </ClInclude>
    <ClInclude Include="Properties.h">
      <Filter>Engine</Filter>
    </ClInclude>
    <ClInclude Include="pure.h">
      <Filter>Engine</Filter>
    </ClInclude>
    <ClInclude Include="std_classes.h">
      <Filter>Engine</Filter>
    </ClInclude>
    <ClInclude Include="xr_ioc_cmd.h">
      <Filter>Engine\Console\Commands</Filter>
    </ClInclude>
    <ClInclude Include="Engine.h">
      <Filter>Engine\Core</Filter>
    </ClInclude>
    <ClInclude Include="EngineAPI.h">
      <Filter>Engine\Core</Filter>
    </ClInclude>
    <ClInclude Include="EventAPI.h">
      <Filter>Engine\Core</Filter>
    </ClInclude>
    <ClInclude Include="perlin.h">
      <Filter>Engine\Noise</Filter>
    </ClInclude>
    <ClInclude Include="line_editor.h">
      <Filter>Engine\text_editor\line_editor</Filter>
    </ClInclude>
    <ClInclude Include="line_edit_control.h">
      <Filter>Engine\text_editor\line_editor_control</Filter>
    </ClInclude>
    <ClInclude Include="edit_actions.h">
      <Filter>Engine\text_editor\edit_actions</Filter>
    </ClInclude>
    <ClInclude Include="device.h">
      <Filter>Device</Filter>
    </ClInclude>
    <ClInclude Include="Fmesh.h">
      <Filter>Game API\RenderRef\Execution &amp; 3D\Visuals</Filter>
    </ClInclude>
    <ClInclude Include="SkeletonMotionDefs.h">
      <Filter>Game API\RenderRef\Execution &amp; 3D\Visuals\Skeleton</Filter>
    </ClInclude>
    <ClInclude Include="SkeletonMotions.h">
      <Filter>Game API\RenderRef\Execution &amp; 3D\Visuals\Skeleton</Filter>
    </ClInclude>
    <ClInclude Include="ClS\NET_Client.h">
      <Filter>Game API\NetServer</Filter>
    </ClInclude>
    <ClInclude Include="date_time.h">
      <Filter>Game API\GameTime</Filter>
    </ClInclude>
    <ClInclude Include="vis_object_data.h">
      <Filter>Engine</Filter>
    </ClInclude>
    <ClInclude Include="ShadersExternalData.h">
      <Filter>Engine</Filter>
    </ClInclude>
    <ClInclude Include="..\FrayBuildConfig.hpp">
      <Filter>Kernel</Filter>
    </ClInclude>
    <ClInclude Include="ILoadingScreen.h">
      <Filter>Interfaces\Render</Filter>
    </ClInclude>
    <ClInclude Include="xr_ioc_cmd_ex.h">
      <Filter>Game API</Filter>
    </ClInclude>
    <ClInclude Include="string_table.h">
      <Filter>Game API</Filter>
    </ClInclude>
    <ClInclude Include="IGame_Level.h">
      <Filter>Game API\Level</Filter>
    </ClInclude>
    <ClInclude Include="xr_level_controller.h">
      <Filter>Game API\Level</Filter>
    </ClInclude>
    <ClInclude Include="StatGraph.h">
      <Filter>Device\Stats</Filter>
    </ClInclude>
    <ClInclude Include="Stats.h">
      <Filter>Device\Stats</Filter>
    </ClInclude>
    <ClInclude Include="DynamicSplash.h">
      <Filter>Device\Stats</Filter>
    </ClInclude>
    <ClInclude Include="EnvDescriptorMixer.h">
      <Filter>Game API\Environment</Filter>
    </ClInclude>
    <ClInclude Include="EnvDescriptor.h">
      <Filter>Game API\Environment</Filter>
    </ClInclude>
    <ClInclude Include="EnvModifier.h">
      <Filter>Game API\Environment</Filter>
    </ClInclude>
    <ClInclude Include="EnvAmbient.h">
      <Filter>Game API\Environment</Filter>
    </ClInclude>
    <ClInclude Include="XR_IOConsole.h">
      <Filter>Engine\Console</Filter>
    </ClInclude>
    <ClInclude Include="LensFlareDescriptor.h">
      <Filter>Game API\Environment\Effects\LensFlare</Filter>
    </ClInclude>
    <ClInclude Include="LensFlare.h">
      <Filter>Game API\Environment\Effects\LensFlare</Filter>
    </ClInclude>
    <ClInclude Include="Rain.h">
      <Filter>Game API\Environment\Effects\Rain</Filter>
    </ClInclude>
    <ClInclude Include="Thunderbolt.h">
      <Filter>Game API\Environment\Effects\Thunderbolt</Filter>
    </ClInclude>
    <ClInclude Include="xrHemisphere.h">
      <Filter>Game API\Environment\Hemisphere</Filter>
    </ClInclude>
    <ClInclude Include="ThunderboltDesc.h">
      <Filter>Game API\Environment\Effects\Thunderbolt</Filter>
    </ClInclude>
    <ClInclude Include="ThunderboltCollection.h">
      <Filter>Game API\Environment\Effects\Thunderbolt</Filter>
    </ClInclude>
    <ClInclude Include="IGame_Actor.h">
      <Filter>Game API</Filter>
    </ClInclude>
    <ClInclude Include="spectre\Spectre.h">
      <Filter>Spectre</Filter>
    </ClInclude>
    <ClInclude Include="spectre\ExternalCallbackTypes.h">
      <Filter>Spectre</Filter>
    </ClInclude>
    <ClInclude Include="DiscordRichPresense.h">
      <Filter>Interfaces\Discord</Filter>
    </ClInclude>
    <ClInclude Include="CameraFirstEye.h">
      <Filter>Game API\Cameras</Filter>
    </ClInclude>
    <ClInclude Include="IGame_AnselSDK.h">
      <Filter>Interfaces\Ansel SDK</Filter>
    </ClInclude>
    <ClInclude Include="profiler.h">
      <Filter>Engine\Core</Filter>
    </ClInclude>
    <ClInclude Include="AMDGPUTransferee.h">
      <Filter>Engine\GPU\AMD</Filter>
    </ClInclude>
    <ClInclude Include="NvGPUTransferee.h">
      <Filter>Engine\GPU\NVIDIA</Filter>
    </ClInclude>
    <ClInclude Include="VisMask.h">
      <Filter>Engine</Filter>
    </ClInclude>
  </ItemGroup>
  <ItemGroup>
    <ClCompile Include="defines.cpp">
      <Filter>Kernel</Filter>
    </ClCompile>
    <ClCompile Include="stdafx.cpp">
      <Filter>Kernel</Filter>
    </ClCompile>
    <ClCompile Include="x_ray.cpp">
      <Filter>Kernel</Filter>
    </ClCompile>
    <ClCompile Include="IInputReceiver.cpp">
      <Filter>Interfaces\Input</Filter>
    </ClCompile>
    <ClCompile Include="Xr_input.cpp">
      <Filter>Interfaces\Input</Filter>
    </ClCompile>
    <ClCompile Include="ISheduled.cpp">
      <Filter>Interfaces\Sheduler</Filter>
    </ClCompile>
    <ClCompile Include="xrSheduler.cpp">
      <Filter>Interfaces\Sheduler</Filter>
    </ClCompile>
    <ClCompile Include="IRenderable.cpp">
      <Filter>Interfaces\Render</Filter>
    </ClCompile>
    <ClCompile Include="Render.cpp">
      <Filter>Interfaces\Render</Filter>
    </ClCompile>
    <ClCompile Include="ICollidable.cpp">
      <Filter>Interfaces\Collidable</Filter>
    </ClCompile>
    <ClCompile Include="phdebug.cpp">
      <Filter>Interfaces\Physics</Filter>
    </ClCompile>
    <ClCompile Include="IGame_ObjectPool.cpp">
      <Filter>Game API\Objects</Filter>
    </ClCompile>
    <ClCompile Include="pure_relcase.cpp">
      <Filter>Game API\Objects</Filter>
    </ClCompile>
    <ClCompile Include="xr_object.cpp">
      <Filter>Game API\Objects</Filter>
    </ClCompile>
    <ClCompile Include="xr_object_list.cpp">
      <Filter>Game API\Objects</Filter>
    </ClCompile>
    <ClCompile Include="CustomHUD.cpp">
      <Filter>Game API\HUD</Filter>
    </ClCompile>
    <ClCompile Include="Environment.cpp">
      <Filter>Game API\Environment</Filter>
    </ClCompile>
    <ClCompile Include="CameraBase.cpp">
      <Filter>Game API\Cameras</Filter>
    </ClCompile>
    <ClCompile Include="CameraManager.cpp">
      <Filter>Game API\Cameras</Filter>
    </ClCompile>
    <ClCompile Include="EffectorPP.cpp">
      <Filter>Game API\Cameras</Filter>
    </ClCompile>
    <ClCompile Include="cf_dynamic_mesh.cpp">
      <Filter>Game API\Collision</Filter>
    </ClCompile>
    <ClCompile Include="xr_collide_form.cpp">
      <Filter>Game API\Collision</Filter>
    </ClCompile>
    <ClCompile Include="bone.cpp">
      <Filter>Game API\Animator</Filter>
    </ClCompile>
    <ClCompile Include="motion.cpp">
      <Filter>Game API\Animator</Filter>
    </ClCompile>
    <ClCompile Include="ObjectAnimator.cpp">
      <Filter>Game API\Animator</Filter>
    </ClCompile>
    <ClCompile Include="Feel_Touch.cpp">
      <Filter>Game API\Feelers</Filter>
    </ClCompile>
    <ClCompile Include="Feel_Vision.cpp">
      <Filter>Game API\Feelers</Filter>
    </ClCompile>
    <ClCompile Include="FDemoPlay.cpp">
      <Filter>Game API\Demo</Filter>
    </ClCompile>
    <ClCompile Include="FDemoRecord.cpp">
      <Filter>Game API\Demo</Filter>
    </ClCompile>
    <ClCompile Include="GameMtlLib.cpp">
      <Filter>Game API\GameMaterials</Filter>
    </ClCompile>
    <ClCompile Include="GameMtlLib_Engine.cpp">
      <Filter>Game API\GameMaterials</Filter>
    </ClCompile>
    <ClCompile Include="ObjectDump.cpp">
      <Filter>Game API\Debug</Filter>
    </ClCompile>
    <ClCompile Include="PS_instance.cpp">
      <Filter>Interfaces\Render\Particle system</Filter>
    </ClCompile>
    <ClCompile Include="LightAnimLibrary.cpp">
      <Filter>Interfaces\Render\Lighting</Filter>
    </ClCompile>
    <ClCompile Include="GameFont.cpp">
      <Filter>Interfaces\Render\Font output</Filter>
    </ClCompile>
    <ClCompile Include="MbHelpers.cpp">
      <Filter>Interfaces\Render\Font output</Filter>
    </ClCompile>
    <ClCompile Include="tntQAVI.cpp">
      <Filter>Interfaces\Render\Execution &amp; 3D\Shaders\Textures</Filter>
    </ClCompile>
    <ClCompile Include="xrImage_Resampler.cpp">
      <Filter>Interfaces\Render\Execution &amp; 3D\Shaders\Textures</Filter>
    </ClCompile>
    <ClCompile Include="xrTheora_Stream.cpp">
      <Filter>Interfaces\Render\Execution &amp; 3D\Shaders\Textures</Filter>
    </ClCompile>
    <ClCompile Include="xrTheora_Surface.cpp">
      <Filter>Interfaces\Render\Execution &amp; 3D\Shaders\Textures</Filter>
    </ClCompile>
    <ClCompile Include="Text_Console.cpp">
      <Filter>Interfaces\Render\Execution &amp; 3D\TextConsole</Filter>
    </ClCompile>
    <ClCompile Include="Text_Console_WndProc.cpp">
      <Filter>Interfaces\Render\Execution &amp; 3D\TextConsole</Filter>
    </ClCompile>
    <ClCompile Include="pure.cpp">
      <Filter>Engine</Filter>
    </ClCompile>
    <ClCompile Include="xr_ioc_cmd.cpp">
      <Filter>Engine\Console\Commands</Filter>
    </ClCompile>
    <ClCompile Include="Engine.cpp">
      <Filter>Engine\Core</Filter>
    </ClCompile>
    <ClCompile Include="EngineAPI.cpp">
      <Filter>Engine\Core</Filter>
    </ClCompile>
    <ClCompile Include="EventAPI.cpp">
      <Filter>Engine\Core</Filter>
    </ClCompile>
    <ClCompile Include="perlin.cpp">
      <Filter>Engine\Noise</Filter>
    </ClCompile>
    <ClCompile Include="line_editor.cpp">
      <Filter>Engine\text_editor\line_editor</Filter>
    </ClCompile>
    <ClCompile Include="line_edit_control.cpp">
      <Filter>Engine\text_editor\line_editor_control</Filter>
    </ClCompile>
    <ClCompile Include="edit_actions.cpp">
      <Filter>Engine\text_editor\edit_actions</Filter>
    </ClCompile>
    <ClCompile Include="device.cpp">
      <Filter>Device</Filter>
    </ClCompile>
    <ClCompile Include="Device_create.cpp">
      <Filter>Device</Filter>
    </ClCompile>
    <ClCompile Include="Device_destroy.cpp">
      <Filter>Device</Filter>
    </ClCompile>
    <ClCompile Include="Device_Initialize.cpp">
      <Filter>Device</Filter>
    </ClCompile>
    <ClCompile Include="Device_Misc.cpp">
      <Filter>Device</Filter>
    </ClCompile>
    <ClCompile Include="Device_overdraw.cpp">
      <Filter>Device</Filter>
    </ClCompile>
    <ClCompile Include="Device_wndproc.cpp">
      <Filter>Device</Filter>
    </ClCompile>
    <ClCompile Include="fmesh.cpp">
      <Filter>Game API\RenderRef\Execution &amp; 3D\Visuals</Filter>
    </ClCompile>
    <ClCompile Include="SkeletonMotions.cpp">
      <Filter>Game API\RenderRef\Execution &amp; 3D\Visuals\Skeleton</Filter>
    </ClCompile>
    <ClCompile Include="BoneEditor.cpp">
      <Filter>Game API\RenderRef</Filter>
    </ClCompile>
    <ClCompile Include="ClS\NET_Client.cpp">
      <Filter>Game API\NetServer</Filter>
    </ClCompile>
    <ClCompile Include="date_time.cpp">
      <Filter>Game API\GameTime</Filter>
    </ClCompile>
    <ClCompile Include="string_table.cpp">
      <Filter>Game API</Filter>
    </ClCompile>
    <ClCompile Include="IGame_Level.cpp">
      <Filter>Game API\Level</Filter>
    </ClCompile>
    <ClCompile Include="IGame_Persistent.cpp">
      <Filter>Game API\Level</Filter>
    </ClCompile>
    <ClCompile Include="xr_level_controller.cpp">
      <Filter>Game API\Level</Filter>
    </ClCompile>
    <ClCompile Include="DynamicSplash.cpp">
      <Filter>Device\Stats</Filter>
    </ClCompile>
    <ClCompile Include="StatGraph.cpp">
      <Filter>Device\Stats</Filter>
    </ClCompile>
    <ClCompile Include="Stats.cpp">
      <Filter>Device\Stats</Filter>
    </ClCompile>
    <ClCompile Include="EnvAmbient.cpp">
      <Filter>Game API\Environment</Filter>
    </ClCompile>
    <ClCompile Include="EnvModifier.cpp">
      <Filter>Game API\Environment</Filter>
    </ClCompile>
    <ClCompile Include="EnvDescriptor.cpp">
      <Filter>Game API\Environment</Filter>
    </ClCompile>
    <ClCompile Include="EnvDescriptorMixer.cpp">
      <Filter>Game API\Environment</Filter>
    </ClCompile>
    <ClCompile Include="XR_IOConsole.cpp">
      <Filter>Engine\Console</Filter>
    </ClCompile>
    <ClCompile Include="XR_IOConsole_callback.cpp">
      <Filter>Engine\Console</Filter>
    </ClCompile>
    <ClCompile Include="XR_IOConsole_control.cpp">
      <Filter>Engine\Console</Filter>
    </ClCompile>
    <ClCompile Include="XR_IOConsole_get.cpp">
      <Filter>Engine\Console</Filter>
    </ClCompile>
    <ClCompile Include="LensFlareDescriptor.cpp">
      <Filter>Game API\Environment\Effects\LensFlare</Filter>
    </ClCompile>
    <ClCompile Include="LensFlare.cpp">
      <Filter>Game API\Environment\Effects\LensFlare</Filter>
    </ClCompile>
    <ClCompile Include="Rain.cpp">
      <Filter>Game API\Environment\Effects\Rain</Filter>
    </ClCompile>
    <ClCompile Include="Thunderbolt.cpp">
      <Filter>Game API\Environment\Effects\Thunderbolt</Filter>
    </ClCompile>
    <ClCompile Include="xrHemisphere.cpp">
      <Filter>Game API\Environment\Hemisphere</Filter>
    </ClCompile>
    <ClCompile Include="EnvironmentRender.cpp">
      <Filter>Game API\Environment</Filter>
    </ClCompile>
    <ClCompile Include="EnvironmentMisc.cpp">
      <Filter>Game API\Environment</Filter>
    </ClCompile>
    <ClCompile Include="ThunderboltDesc.cpp">
      <Filter>Game API\Environment\Effects\Thunderbolt</Filter>
    </ClCompile>
    <ClCompile Include="ThunderboltCollection.cpp">
      <Filter>Game API\Environment\Effects\Thunderbolt</Filter>
    </ClCompile>
    <ClCompile Include="IGame_Actor.cpp">
      <Filter>Game API</Filter>
    </ClCompile>
    <ClCompile Include="spectre\Spectre.cpp">
      <Filter>Spectre</Filter>
    </ClCompile>
    <ClCompile Include="spectre\ExternalCallbackTypes.cpp">
      <Filter>Spectre</Filter>
    </ClCompile>
    <ClCompile Include="DiscordRichPresense.cpp">
      <Filter>Interfaces\Discord</Filter>
    </ClCompile>
    <ClCompile Include="CameraFirstEye.cpp">
      <Filter>Game API\Cameras</Filter>
    </ClCompile>
    <ClCompile Include="IGame_AnselSDK.cpp">
      <Filter>Interfaces\Ansel SDK</Filter>
    </ClCompile>
    <ClCompile Include="profiler.cpp">
      <Filter>Engine\Core</Filter>
    </ClCompile>
    <ClCompile Include="AMDGPUTransferee.cpp">
      <Filter>Engine\GPU\AMD</Filter>
    </ClCompile>
    <ClCompile Include="NvGPUTransferee.cpp">
      <Filter>Engine\GPU\NVIDIA</Filter>
    </ClCompile>
  </ItemGroup>
  <ItemGroup>
    <None Include="TODO.txt">
      <Filter>Engine</Filter>
    </None>
    <None Include="Effects description.txt">
      <Filter>Engine</Filter>
    </None>
  </ItemGroup>
  <ItemGroup>
    <Natvis Include="..\xrCore.natvis">
      <Filter>Kernel</Filter>
    </Natvis>
  </ItemGroup>
</Project>