<?xml version="1.0" encoding="utf-8"?>
<Project ToolsVersion="4.0" xmlns="http://schemas.microsoft.com/developer/msbuild/2003">
  <ItemGroup>
    <Filter Include="Application">
      <UniqueIdentifier>{ce4f934c-0139-45cd-a120-8af3a6194c03}</UniqueIdentifier>
    </Filter>
    <Filter Include="Modules">
      <UniqueIdentifier>{3415f2d2-8eaf-4fb0-9412-ae7848c94e5e}</UniqueIdentifier>
    </Filter>
    <Filter Include="Others">
      <UniqueIdentifier>{8dcb81b4-a290-4dbc-9700-fbe51f436840}</UniqueIdentifier>
    </Filter>
    <Filter Include="Application\Kernel">
      <UniqueIdentifier>{af808705-ed99-432c-83be-28e2c4ea24b9}</UniqueIdentifier>
    </Filter>
    <Filter Include="Modules\Kernel">
      <UniqueIdentifier>{fe4d468a-62ff-48f4-ae18-24a0a77d2715}</UniqueIdentifier>
    </Filter>
    <Filter Include="Others\Kernel">
      <UniqueIdentifier>{7e6ea05b-5f7f-4067-8025-7018bffec6b8}</UniqueIdentifier>
    </Filter>
    <Filter Include="Application\Kernel\Launcher">
      <UniqueIdentifier>{91eacc8e-65e6-40d0-b6f1-ba1f312c2a83}</UniqueIdentifier>
    </Filter>
    <Filter Include="Application\Kernel\Launcher\Editors">
      <UniqueIdentifier>{4c1e0319-edb7-45e2-b401-47a0e71e2046}</UniqueIdentifier>
    </Filter>
    <Filter Include="Application\Kernel\Launcher\Editors\Level Editor">
      <UniqueIdentifier>{71e871b9-a1f1-4fca-a8ff-e85b0f76e212}</UniqueIdentifier>
    </Filter>
    <Filter Include="Application\Kernel\Launcher\Editors\Actor Editor">
      <UniqueIdentifier>{192f3a12-d96f-4fad-b5d8-c93ff523d1d9}</UniqueIdentifier>
    </Filter>
    <Filter Include="Application\Kernel\Launcher\Editors\Shader Editor">
      <UniqueIdentifier>{66806af5-71ca-414f-8dc4-ae99e35c4947}</UniqueIdentifier>
    </Filter>
    <Filter Include="Application\Kernel\Launcher\Editors\Particle Editor">
      <UniqueIdentifier>{5f9f62a1-9d9b-4a43-8b98-3a117a5b0be7}</UniqueIdentifier>
    </Filter>
    <Filter Include="Others\Kernel\Splash Screen">
      <UniqueIdentifier>{e1493784-d472-43ed-87fe-d1e9bc466d4d}</UniqueIdentifier>
    </Filter>
    <Filter Include="Modules\Controls">
      <UniqueIdentifier>{f46be969-f432-4142-ab84-aab2a4f442f6}</UniqueIdentifier>
    </Filter>
    <Filter Include="Modules\Kernel\Level Editor">
      <UniqueIdentifier>{1573ed8e-8887-4587-b07f-4f77faa5d926}</UniqueIdentifier>
    </Filter>
    <Filter Include="Modules\Kernel\Actor Editor">
      <UniqueIdentifier>{6a48c4dd-b3c0-46d9-ac41-7cb84665472c}</UniqueIdentifier>
    </Filter>
    <Filter Include="Modules\Kernel\Shader Editor">
      <UniqueIdentifier>{06cdc472-9cf8-45db-9cd8-7b1be04a58c3}</UniqueIdentifier>
    </Filter>
    <Filter Include="Modules\Kernel\Particle Editor">
      <UniqueIdentifier>{f96fe192-d4ee-442f-9320-b7e86ca8e813}</UniqueIdentifier>
    </Filter>
  </ItemGroup>
  <ItemGroup>
    <ClCompile Include="LE_Form.cpp">
      <Filter>Application\Kernel\Launcher\Editors\Level Editor</Filter>
    </ClCompile>
    <ClCompile Include="Launcher.cpp">
      <Filter>Application\Kernel\Launcher</Filter>
    </ClCompile>
    <ClCompile Include="Source.cpp" />
  </ItemGroup>
  <ItemGroup>
    <ClInclude Include="LE_Form.h">
      <Filter>Application\Kernel\Launcher\Editors\Level Editor</Filter>
    </ClInclude>
    <ClInclude Include="Launcher.h">
      <Filter>Application\Kernel\Launcher</Filter>
    </ClInclude>
    <ClInclude Include="DockPanels.h">
      <Filter>Modules\Kernel</Filter>
    </ClInclude>
    <ClInclude Include="RenderViewLE.h">
      <Filter>Modules\Kernel\Level Editor</Filter>
    </ClInclude>
    <ClInclude Include="ObjectViewLE.h">
      <Filter>Modules\Kernel\Level Editor</Filter>
    </ClInclude>
    <ClInclude Include="StatusStripLE.h">
      <Filter>Modules\Kernel\Level Editor</Filter>
    </ClInclude>
    <ClInclude Include="RenderPanel.h">
      <Filter>Modules\Controls</Filter>
    </ClInclude>
  </ItemGroup>
  <ItemGroup>
    <EmbeddedResource Include="Launcher.resx" />
    <EmbeddedResource Include="LE_Form.resx" />
  </ItemGroup>
</Project>