<?xml version="1.0" encoding="utf-8"?>
<Project ToolsVersion="4.0" xmlns="http://schemas.microsoft.com/developer/msbuild/2003">
  <ItemGroup>
    <Text Include="readme.txt" />
  </ItemGroup>
  <ItemGroup>
    <Filter Include="include">
      <UniqueIdentifier>{c797a969-f3b0-41f4-aadb-a3f7e15b7f05}</UniqueIdentifier>
    </Filter>
  </ItemGroup>
  <ItemGroup>
    <ClCompile Include="xr_pool.c" />
  </ItemGroup>
  <ItemGroup>
    <ClInclude Include="luajit.h">
      <Filter>include</Filter>
    </ClInclude>
    <ClInclude Include="lualib.h">
      <Filter>include</Filter>
    </ClInclude>
    <ClInclude Include="lauxlib.h">
      <Filter>include</Filter>
    </ClInclude>
    <ClInclude Include="lj_alloc.h">
      <Filter>include</Filter>
    </ClInclude>
    <ClInclude Include="lj_arch.h">
      <Filter>include</Filter>
    </ClInclude>
    <ClInclude Include="lj_asm.h">
      <Filter>include</Filter>
    </ClInclude>
    <ClInclude Include="lj_asm_arm.h">
      <Filter>include</Filter>
    </ClInclude>
    <ClInclude Include="lj_asm_mips.h">
      <Filter>include</Filter>
    </ClInclude>
    <ClInclude Include="lj_asm_ppc.h">
      <Filter>include</Filter>
    </ClInclude>
    <ClInclude Include="lj_asm_x86.h">
      <Filter>include</Filter>
    </ClInclude>
    <ClInclude Include="lj_bc.h">
      <Filter>include</Filter>
    </ClInclude>
    <ClInclude Include="lj_bcdef.h">
      <Filter>include</Filter>
    </ClInclude>
    <ClInclude Include="lj_bcdump.h">
      <Filter>include</Filter>
    </ClInclude>
    <ClInclude Include="lj_carith.h">
      <Filter>include</Filter>
    </ClInclude>
    <ClInclude Include="lj_ccall.h">
      <Filter>include</Filter>
    </ClInclude>
    <ClInclude Include="lj_ccallback.h">
      <Filter>include</Filter>
    </ClInclude>
    <ClInclude Include="lj_cconv.h">
      <Filter>include</Filter>
    </ClInclude>
    <ClInclude Include="lj_cdata.h">
      <Filter>include</Filter>
    </ClInclude>
    <ClInclude Include="lj_char.h">
      <Filter>include</Filter>
    </ClInclude>
    <ClInclude Include="lj_clib.h">
      <Filter>include</Filter>
    </ClInclude>
    <ClInclude Include="lj_cparse.h">
      <Filter>include</Filter>
    </ClInclude>
    <ClInclude Include="lj_crecord.h">
      <Filter>include</Filter>
    </ClInclude>
    <ClInclude Include="lj_ctype.h">
      <Filter>include</Filter>
    </ClInclude>
    <ClInclude Include="lj_debug.h">
      <Filter>include</Filter>
    </ClInclude>
    <ClInclude Include="lj_def.h">
      <Filter>include</Filter>
    </ClInclude>
    <ClInclude Include="lj_dispatch.h">
      <Filter>include</Filter>
    </ClInclude>
    <ClInclude Include="lj_emit_arm.h">
      <Filter>include</Filter>
    </ClInclude>
    <ClInclude Include="lj_emit_mips.h">
      <Filter>include</Filter>
    </ClInclude>
    <ClInclude Include="lj_emit_ppc.h">
      <Filter>include</Filter>
    </ClInclude>
    <ClInclude Include="lj_emit_x86.h">
      <Filter>include</Filter>
    </ClInclude>
    <ClInclude Include="lj_err.h">
      <Filter>include</Filter>
    </ClInclude>
    <ClInclude Include="lj_errmsg.h">
      <Filter>include</Filter>
    </ClInclude>
    <ClInclude Include="lj_ff.h">
      <Filter>include</Filter>
    </ClInclude>
    <ClInclude Include="lj_ffdef.h">
      <Filter>include</Filter>
    </ClInclude>
    <ClInclude Include="lj_ffrecord.h">
      <Filter>include</Filter>
    </ClInclude>
    <ClInclude Include="lj_folddef.h">
      <Filter>include</Filter>
    </ClInclude>
    <ClInclude Include="lj_frame.h">
      <Filter>include</Filter>
    </ClInclude>
    <ClInclude Include="lj_func.h">
      <Filter>include</Filter>
    </ClInclude>
    <ClInclude Include="lj_gc.h">
      <Filter>include</Filter>
    </ClInclude>
    <ClInclude Include="lj_gdbjit.h">
      <Filter>include</Filter>
    </ClInclude>
    <ClInclude Include="lj_ir.h">
      <Filter>include</Filter>
    </ClInclude>
    <ClInclude Include="lj_ircall.h">
      <Filter>include</Filter>
    </ClInclude>
    <ClInclude Include="lj_iropt.h">
      <Filter>include</Filter>
    </ClInclude>
    <ClInclude Include="lj_jit.h">
      <Filter>include</Filter>
    </ClInclude>
    <ClInclude Include="lj_lex.h">
      <Filter>include</Filter>
    </ClInclude>
    <ClInclude Include="lj_lib.h">
      <Filter>include</Filter>
    </ClInclude>
    <ClInclude Include="lj_libdef.h">
      <Filter>include</Filter>
    </ClInclude>
    <ClInclude Include="lj_mcode.h">
      <Filter>include</Filter>
    </ClInclude>
    <ClInclude Include="lj_meta.h">
      <Filter>include</Filter>
    </ClInclude>
    <ClInclude Include="lj_obj.h">
      <Filter>include</Filter>
    </ClInclude>
    <ClInclude Include="lj_parse.h">
      <Filter>include</Filter>
    </ClInclude>
    <ClInclude Include="lj_recdef.h">
      <Filter>include</Filter>
    </ClInclude>
    <ClInclude Include="lj_record.h">
      <Filter>include</Filter>
    </ClInclude>
    <ClInclude Include="lj_snap.h">
      <Filter>include</Filter>
    </ClInclude>
    <ClInclude Include="lj_state.h">
      <Filter>include</Filter>
    </ClInclude>
    <ClInclude Include="lj_str.h">
      <Filter>include</Filter>
    </ClInclude>
    <ClInclude Include="lj_strscan.h">
      <Filter>include</Filter>
    </ClInclude>
    <ClInclude Include="lj_tab.h">
      <Filter>include</Filter>
    </ClInclude>
    <ClInclude Include="lj_target.h">
      <Filter>include</Filter>
    </ClInclude>
    <ClInclude Include="lj_target_arm.h">
      <Filter>include</Filter>
    </ClInclude>
    <ClInclude Include="lj_target_mips.h">
      <Filter>include</Filter>
    </ClInclude>
    <ClInclude Include="lj_target_ppc.h">
      <Filter>include</Filter>
    </ClInclude>
    <ClInclude Include="lj_target_x86.h">
      <Filter>include</Filter>
    </ClInclude>
    <ClInclude Include="lj_trace.h">
      <Filter>include</Filter>
    </ClInclude>
    <ClInclude Include="lj_traceerr.h">
      <Filter>include</Filter>
    </ClInclude>
    <ClInclude Include="lj_udata.h">
      <Filter>include</Filter>
    </ClInclude>
    <ClInclude Include="lj_vm.h">
      <Filter>include</Filter>
    </ClInclude>
    <ClInclude Include="lj_vmevent.h">
      <Filter>include</Filter>
    </ClInclude>
    <ClInclude Include="lua.h">
      <Filter>include</Filter>
    </ClInclude>
    <ClInclude Include="lua.hpp">
      <Filter>include</Filter>
    </ClInclude>
    <ClInclude Include="luaconf.h">
      <Filter>include</Filter>
    </ClInclude>
    <ClInclude Include="xr_pool.h" />
  </ItemGroup>
  <ItemGroup>
    <None Include="msvcbuild64.bat" />
    <None Include="msvcbuild.bat" />
  </ItemGroup>
</Project>