<?xml version="1.0" encoding="utf-8"?>
<Project ToolsVersion="4.0" xmlns="http://schemas.microsoft.com/developer/msbuild/2003">
  <ItemGroup>
    <ClCompile Include="..\libvorbis-1.3.5\lib\analysis.c">
      <Filter>vorbis</Filter>
    </ClCompile>
    <ClCompile Include="..\libvorbis-1.3.5\lib\vorbisenc.c">
      <Filter>vorbis\vorbis_core</Filter>
    </ClCompile>
    <ClCompile Include="..\libvorbis-1.3.5\lib\vorbisfile.c">
      <Filter>vorbis\vorbis_core</Filter>
    </ClCompile>
    <ClCompile Include="src\bitwise.c">
      <Filter>ogg</Filter>
    </ClCompile>
    <ClCompile Include="src\framing.c">
      <Filter>ogg</Filter>
    </ClCompile>
    <ClCompile Include="..\libvorbis-1.3.5\lib\mdct.c">
      <Filter>vorbis\vorbis_core</Filter>
    </ClCompile>
    <ClCompile Include="..\libvorbis-1.3.5\lib\psy.c">
      <Filter>vorbis\vorbis_core</Filter>
    </ClCompile>
    <ClCompile Include="..\libvorbis-1.3.5\lib\registry.c">
      <Filter>vorbis\vorbis_core</Filter>
    </ClCompile>
    <ClCompile Include="..\libvorbis-1.3.5\lib\res0.c">
      <Filter>vorbis\vorbis_core</Filter>
    </ClCompile>
    <ClCompile Include="..\libvorbis-1.3.5\lib\sharedbook.c">
      <Filter>vorbis\vorbis_core</Filter>
    </ClCompile>
    <ClCompile Include="..\libvorbis-1.3.5\lib\smallft.c">
      <Filter>vorbis\vorbis_core</Filter>
    </ClCompile>
    <ClCompile Include="..\libvorbis-1.3.5\lib\synthesis.c">
      <Filter>vorbis\vorbis_core</Filter>
    </ClCompile>
    <ClCompile Include="..\libvorbis-1.3.5\lib\window.c">
      <Filter>vorbis\vorbis_core</Filter>
    </ClCompile>
    <ClCompile Include="..\libvorbis-1.3.5\lib\bitrate.c">
      <Filter>vorbis\vorbis_core</Filter>
    </ClCompile>
    <ClCompile Include="..\libvorbis-1.3.5\lib\block.c">
      <Filter>vorbis\vorbis_core</Filter>
    </ClCompile>
    <ClCompile Include="..\libvorbis-1.3.5\lib\codebook.c">
      <Filter>vorbis\vorbis_core</Filter>
    </ClCompile>
    <ClCompile Include="..\libvorbis-1.3.5\lib\envelope.c">
      <Filter>vorbis\vorbis_core</Filter>
    </ClCompile>
    <ClCompile Include="..\libvorbis-1.3.5\lib\floor0.c">
      <Filter>vorbis\vorbis_core</Filter>
    </ClCompile>
    <ClCompile Include="..\libvorbis-1.3.5\lib\floor1.c">
      <Filter>vorbis\vorbis_core</Filter>
    </ClCompile>
    <ClCompile Include="..\libvorbis-1.3.5\lib\info.c">
      <Filter>vorbis\vorbis_core</Filter>
    </ClCompile>
    <ClCompile Include="..\libvorbis-1.3.5\lib\lookup.c">
      <Filter>vorbis\vorbis_core</Filter>
    </ClCompile>
    <ClCompile Include="..\libvorbis-1.3.5\lib\lpc.c">
      <Filter>vorbis\vorbis_core</Filter>
    </ClCompile>
    <ClCompile Include="..\libvorbis-1.3.5\lib\lsp.c">
      <Filter>vorbis\vorbis_core</Filter>
    </ClCompile>
    <ClCompile Include="..\libvorbis-1.3.5\lib\mapping0.c">
      <Filter>vorbis\vorbis_core</Filter>
    </ClCompile>
    <ClCompile Include="src\memory.c">
      <Filter>vorbis</Filter>
    </ClCompile>
  </ItemGroup>
  <ItemGroup>
    <ClInclude Include="..\libvorbis-1.3.5\include\vorbis\vorbisenc.h">
      <Filter>vorbis\vorbis_core</Filter>
    </ClInclude>
    <ClInclude Include="..\libvorbis-1.3.5\include\vorbis\vorbisfile.h">
      <Filter>vorbis\vorbis_core</Filter>
    </ClInclude>
    <ClInclude Include="..\..\include\ogg\ogg.h">
      <Filter>ogg</Filter>
    </ClInclude>
    <ClInclude Include="..\..\include\ogg\oggMemory.h">
      <Filter>ogg</Filter>
    </ClInclude>
    <ClInclude Include="..\..\include\ogg\os_types.h">
      <Filter>ogg</Filter>
    </ClInclude>
  </ItemGroup>
  <ItemGroup>
    <Filter Include="ogg">
      <UniqueIdentifier>{7814ecee-6393-4708-8a64-c7f6337b8498}</UniqueIdentifier>
    </Filter>
    <Filter Include="vorbis">
      <UniqueIdentifier>{70fc88f6-7f7c-49e2-b1f6-9dbab7a12155}</UniqueIdentifier>
    </Filter>
    <Filter Include="vorbis\vorbis_core">
      <UniqueIdentifier>{4d3a2868-2bd8-4283-be65-428f0a5ee76b}</UniqueIdentifier>
    </Filter>
  </ItemGroup>
  <ItemGroup>
    <None Include="..\ogg.def">
      <Filter>ogg</Filter>
    </None>
  </ItemGroup>
</Project>