<?xml version="1.0" encoding="utf-8"?>
<Project xmlns="http://schemas.microsoft.com/developer/msbuild/2003">
  <ItemGroup>
    <Filter Include="Generated Files">
      <UniqueIdentifier>{71ED8ED8-ACB9-4CE9-BBE1-E00B30144E11}</UniqueIdentifier>
      <Extensions>cpp;c;cxx;moc;h;def;odl;idl;res;</Extensions>
    </Filter>
    <Filter Include="Generated Files">
      <UniqueIdentifier>{71ED8ED8-ACB9-4CE9-BBE1-E00B30144E11}</UniqueIdentifier>
      <Extensions>cpp;c;cxx;moc;h;def;odl;idl;res;</Extensions>
    </Filter>
    <Filter Include="Header Files">
      <UniqueIdentifier>{93995380-89BD-4b04-88EB-625FBE52EBFB}</UniqueIdentifier>
      <Extensions>h;hpp;hxx;hm;inl;inc;xsd</Extensions>
    </Filter>
    <Filter Include="Header Files">
      <UniqueIdentifier>{93995380-89BD-4b04-88EB-625FBE52EBFB}</UniqueIdentifier>
      <Extensions>h;hpp;hxx;hm;inl;inc;xsd</Extensions>
    </Filter>
    <Filter Include="Source Files">
      <UniqueIdentifier>{4FC737F1-C7A5-4376-A066-2A32D752A2FF}</UniqueIdentifier>
      <Extensions>cpp;c;cxx;def;odl;idl;hpj;bat;asm;asmx</Extensions>
    </Filter>
    <Filter Include="Source Files">
      <UniqueIdentifier>{4FC737F1-C7A5-4376-A066-2A32D752A2FF}</UniqueIdentifier>
      <Extensions>cpp;c;cxx;def;odl;idl;hpj;bat;asm;asmx</Extensions>
    </Filter>
    <Filter Include="Header Files\DXT">
      <UniqueIdentifier>{3e78c447-0c05-4d7a-8e9f-fda80c845c0f}</UniqueIdentifier>
    </Filter>
  </ItemGroup>
  <ItemGroup>
    <ClCompile Include="Blender.cpp">
      <Filter>Source Files</Filter>
    </ClCompile>
    <ClCompile Include="Blender_Palette.cpp">
      <Filter>Source Files</Filter>
    </ClCompile>
    <ClCompile Include="DXT\DXT.cpp">
      <Filter>Source Files</Filter>
    </ClCompile>
    <ClCompile Include="DetailModel.cpp">
      <Filter>Source Files</Filter>
    </ClCompile>
    <ClCompile Include="DXT\ETextureParams.cpp">
      <Filter>Source Files</Filter>
    </ClCompile>
    <ClCompile Include="Envelope.cpp">
      <Filter>Source Files</Filter>
    </ClCompile>
    <ClCompile Include="HW.cpp">
      <Filter>Source Files</Filter>
    </ClCompile>
    <ClCompile Include="DXT\Image_DXTC.cpp">
      <Filter>Source Files</Filter>
    </ClCompile>
    <ClCompile Include="DXT\NVI_Convolution.cpp">
      <Filter>Source Files</Filter>
    </ClCompile>
    <ClCompile Include="DXT\NVI_Image.cpp">
      <Filter>Source Files</Filter>
    </ClCompile>
    <ClCompile Include="DXT\NormalMapGen.cpp">
      <Filter>Source Files</Filter>
    </ClCompile>
    <ClCompile Include="ResourceManager.cpp">
      <Filter>Source Files</Filter>
    </ClCompile>
    <ClCompile Include="SH_Atomic.cpp">
      <Filter>Source Files</Filter>
    </ClCompile>
    <ClCompile Include="SH_Constant.cpp">
      <Filter>Source Files</Filter>
    </ClCompile>
    <ClCompile Include="SH_Matrix.cpp">
      <Filter>Source Files</Filter>
    </ClCompile>
    <ClCompile Include="SH_RT.cpp">
      <Filter>Source Files</Filter>
    </ClCompile>
    <ClCompile Include="SH_Texture.cpp">
      <Filter>Source Files</Filter>
    </ClCompile>
    <ClCompile Include="Shader.cpp">
      <Filter>Source Files</Filter>
    </ClCompile>
    <ClCompile Include="SkeletonMotions.cpp">
      <Filter>Source Files</Filter>
    </ClCompile>
    <ClCompile Include="TextureDescrManager.cpp">
      <Filter>Source Files</Filter>
    </ClCompile>
    <ClCompile Include="blender_recorder.cpp">
      <Filter>Source Files</Filter>
    </ClCompile>
    <ClCompile Include="bone.cpp">
      <Filter>Source Files</Filter>
    </ClCompile>
    <ClCompile Include="dxRenderDeviceRender.cpp">
      <Filter>Source Files</Filter>
    </ClCompile>
    <ClCompile Include="fmesh.cpp">
      <Filter>Source Files</Filter>
    </ClCompile>
    <ClCompile Include="interp.cpp">
      <Filter>Source Files</Filter>
    </ClCompile>
    <ClCompile Include="motion.cpp">
      <Filter>Source Files</Filter>
    </ClCompile>
    <ClCompile Include="DXT\tga.cpp">
      <Filter>Source Files</Filter>
    </ClCompile>
    <ClCompile Include="tntQAVI.cpp">
      <Filter>Source Files</Filter>
    </ClCompile>
    <ClCompile Include="tss_def.cpp">
      <Filter>Source Files</Filter>
    </ClCompile>
    <ClCompile Include="xrImage_Resampler.cpp">
      <Filter>Source Files</Filter>
    </ClCompile>
    <ClCompile Include="xrTheora_Stream.cpp">
      <Filter>Source Files</Filter>
    </ClCompile>
    <ClCompile Include="xrTheora_Surface.cpp">
      <Filter>Source Files</Filter>
    </ClCompile>
    <ClCompile Include="xr_effgamma.cpp">
      <Filter>Source Files</Filter>
    </ClCompile>
    <ClCompile Include="HWCaps.cpp">
      <Filter>Source Files</Filter>
    </ClCompile>
    <ClCompile Include="stats_manager.cpp">
      <Filter>Source Files</Filter>
    </ClCompile>
    <ClCompile Include="device.cpp">
      <Filter>Generated Files</Filter>
    </ClCompile>
    <ClCompile Include="render.cpp">
      <Filter>Generated Files</Filter>
    </ClCompile>
    <ClCompile Include="UI\ui_main.cpp">
      <Filter>Generated Files</Filter>
    </ClCompile>
    <ClCompile Include="UI\UI_MainCommand.cpp">
      <Filter>Generated Files</Filter>
    </ClCompile>
    <ClCompile Include="UI\UI_MainMail.cpp">
      <Filter>Generated Files</Filter>
    </ClCompile>
    <ClCompile Include="UI\UI_ToolsCustom.cpp">
      <Filter>Generated Files</Filter>
    </ClCompile>
    <ClCompile Include="UI\UI_Camera.cpp">
      <Filter>Generated Files</Filter>
    </ClCompile>
    <ClCompile Include="EStats.cpp">
      <Filter>Generated Files</Filter>
    </ClCompile>
  </ItemGroup>
  <ItemGroup>
    <ClInclude Include="Blender.h">
      <Filter>Header Files</Filter>
    </ClInclude>
    <ClInclude Include="Blender_CLSID.h">
      <Filter>Header Files</Filter>
    </ClInclude>
    <ClInclude Include="DetailModel.h">
      <Filter>Header Files</Filter>
    </ClInclude>
    <ClInclude Include="DXT\ETextureParams.h">
      <Filter>Header Files</Filter>
    </ClInclude>
    <ClInclude Include="Fmesh.h">
      <Filter>Header Files</Filter>
    </ClInclude>
    <ClInclude Include="HW.h">
      <Filter>Header Files</Filter>
    </ClInclude>
    <ClInclude Include="IRenderDetailModel.h">
      <Filter>Header Files</Filter>
    </ClInclude>
    <ClInclude Include="Kinematics.h">
      <Filter>Header Files</Filter>
    </ClInclude>
    <ClInclude Include="Properties.h">
      <Filter>Header Files</Filter>
    </ClInclude>
    <ClInclude Include="RenderDeviceRender.h">
      <Filter>Header Files</Filter>
    </ClInclude>
    <ClInclude Include="RenderVisual.h">
      <Filter>Header Files</Filter>
    </ClInclude>
    <ClInclude Include="ResourceManager.h">
      <Filter>Header Files</Filter>
    </ClInclude>
    <ClInclude Include="SH_Atomic.h">
      <Filter>Header Files</Filter>
    </ClInclude>
    <ClInclude Include="SH_Constant.h">
      <Filter>Header Files</Filter>
    </ClInclude>
    <ClInclude Include="SH_Matrix.h">
      <Filter>Header Files</Filter>
    </ClInclude>
    <ClInclude Include="SH_RT.h">
      <Filter>Header Files</Filter>
    </ClInclude>
    <ClInclude Include="SH_Texture.h">
      <Filter>Header Files</Filter>
    </ClInclude>
    <ClInclude Include="Shader.h">
      <Filter>Header Files</Filter>
    </ClInclude>
    <ClInclude Include="SkeletonMotionDefs.h">
      <Filter>Header Files</Filter>
    </ClInclude>
    <ClInclude Include="SkeletonMotions.h">
      <Filter>Header Files</Filter>
    </ClInclude>
    <ClInclude Include="TextureDescrManager.h">
      <Filter>Header Files</Filter>
    </ClInclude>
    <ClInclude Include="WaveForm.h">
      <Filter>Header Files</Filter>
    </ClInclude>
    <ClInclude Include="blender_recorder.h">
      <Filter>Header Files</Filter>
    </ClInclude>
    <ClInclude Include="bone.h">
      <Filter>Header Files</Filter>
    </ClInclude>
    <ClInclude Include="dxRenderDeviceRender.h">
      <Filter>Header Files</Filter>
    </ClInclude>
    <ClInclude Include="envelope.h">
      <Filter>Header Files</Filter>
    </ClInclude>
    <ClInclude Include="face_smoth_flags.h">
      <Filter>Header Files</Filter>
    </ClInclude>
    <ClInclude Include="itterate_adjacents.h">
      <Filter>Header Files</Filter>
    </ClInclude>
    <ClInclude Include="itterate_adjacents_dynamic.h">
      <Filter>Header Files</Filter>
    </ClInclude>
    <ClInclude Include="motion.h">
      <Filter>Header Files</Filter>
    </ClInclude>
    <ClInclude Include="r_constants.h">
      <Filter>Header Files</Filter>
    </ClInclude>
    <CustomBuild Include="stdafx.h">
      <Filter>Header Files</Filter>
    </CustomBuild>
    <ClInclude Include="DXT\dds\tPixel.h">
      <Filter>Header Files</Filter>
    </ClInclude>
    <ClInclude Include="DXT\tPixel.h">
      <Filter>Header Files</Filter>
    </ClInclude>
    <ClInclude Include="DXT\dds\tVector.h">
      <Filter>Header Files</Filter>
    </ClInclude>
    <ClInclude Include="DXT\tVector.h">
      <Filter>Header Files</Filter>
    </ClInclude>
    <ClInclude Include="DXT\tga.h">
      <Filter>Header Files</Filter>
    </ClInclude>
    <ClInclude Include="tntQAVI.h">
      <Filter>Header Files</Filter>
    </ClInclude>
    <ClInclude Include="tss.h">
      <Filter>Header Files</Filter>
    </ClInclude>
    <ClInclude Include="tss_def.h">
      <Filter>Header Files</Filter>
    </ClInclude>
    <ClInclude Include="xrD3DDefs.h">
      <Filter>Header Files</Filter>
    </ClInclude>
    <ClInclude Include="xrImage_Resampler.h">
      <Filter>Header Files</Filter>
    </ClInclude>
    <ClInclude Include="xrRenderCommons.h">
      <Filter>Header Files</Filter>
    </ClInclude>
    <ClInclude Include="xrTheora_Stream.h">
      <Filter>Header Files</Filter>
    </ClInclude>
    <ClInclude Include="xrTheora_Surface.h">
      <Filter>Header Files</Filter>
    </ClInclude>
    <ClInclude Include="xr_effgamma.h">
      <Filter>Header Files</Filter>
    </ClInclude>
    <ClInclude Include="HWCaps.h">
      <Filter>Header Files</Filter>
    </ClInclude>
    <ClInclude Include="stats_manager.h">
      <Filter>Header Files</Filter>
    </ClInclude>
    <ClInclude Include="vis_data.h">
      <Filter>Generated Files</Filter>
    </ClInclude>
    <ClInclude Include="render.h">
      <Filter>Generated Files</Filter>
    </ClInclude>
    <ClInclude Include="device.h">
      <Filter>Generated Files</Filter>
    </ClInclude>
    <ClInclude Include="UI\ui_main.h">
      <Filter>Generated Files</Filter>
    </ClInclude>
    <ClInclude Include="UI\UI_MainCommand.h">
      <Filter>Generated Files</Filter>
    </ClInclude>
    <ClInclude Include="UI\UI_Camera.h">
      <Filter>Generated Files</Filter>
    </ClInclude>
    <ClInclude Include="EStats.h">
      <Filter>Generated Files</Filter>
    </ClInclude>
    <ClInclude Include="DXT\dds\ConvertColor.h">
      <Filter>Header Files\DXT</Filter>
    </ClInclude>
    <ClInclude Include="DXT\dds.h">
      <Filter>Header Files\DXT</Filter>
    </ClInclude>
    <ClInclude Include="DXT\dds\ddsTypes.h">
      <Filter>Header Files\DXT</Filter>
    </ClInclude>
    <ClInclude Include="DXT\ddsTypes.h">
      <Filter>Header Files\DXT</Filter>
    </ClInclude>
    <ClInclude Include="DXT\dxtlib.h">
      <Filter>Header Files\DXT</Filter>
    </ClInclude>
    <ClInclude Include="DXT\NV_Common.h">
      <Filter>Header Files\DXT</Filter>
    </ClInclude>
    <ClInclude Include="DXT\dds\nvdxt_options.h">
      <Filter>Header Files\DXT</Filter>
    </ClInclude>
    <ClInclude Include="DXT\NVI_Convolution.h">
      <Filter>Header Files\DXT</Filter>
    </ClInclude>
    <ClInclude Include="DXT\NVI_Image.h">
      <Filter>Header Files\DXT</Filter>
    </ClInclude>
    <ClInclude Include="DXT\dds\nvErrorCodes.h">
      <Filter>Header Files\DXT</Filter>
    </ClInclude>
    <ClInclude Include="DXT\Image_DXTC.h">
      <Filter>Header Files\DXT</Filter>
    </ClInclude>
  </ItemGroup>
  <ItemGroup>
    <ClCompile Include="stdafx.h.cpp">
      <Filter>Generated Files</Filter>
    </ClCompile>
  </ItemGroup>
</Project>