<?xml version="1.0" encoding="utf-8"?>
<Project ToolsVersion="4.0" xmlns="http://schemas.microsoft.com/developer/msbuild/2003">
  <ItemGroup>
    <Filter Include="kernel">
      <UniqueIdentifier>{4FC737F1-C7A5-4376-A066-2A32D752A2FF}</UniqueIdentifier>
      <Extensions>cpp;c;cc;cxx;def;odl;idl;hpj;bat;asm;asmx</Extensions>
    </Filter>
    <Filter Include="Light">
      <UniqueIdentifier>{bde2e9de-71c2-4203-8c42-28954f831a42}</UniqueIdentifier>
    </Filter>
    <Filter Include="Light\xrLC_GlobalData">
      <UniqueIdentifier>{2527fca3-5dfd-4a6f-aa95-d1201ddd40b6}</UniqueIdentifier>
    </Filter>
    <Filter Include="Light\models">
      <UniqueIdentifier>{47034764-9c9f-4c04-a822-f72f61f74682}</UniqueIdentifier>
    </Filter>
    <Filter Include="Light\models\mu_light">
      <UniqueIdentifier>{573ea01c-82e0-457b-be64-db43cdb6c4f1}</UniqueIdentifier>
    </Filter>
    <Filter Include="Light\LightImplicit">
      <UniqueIdentifier>{0101c460-8342-46eb-9033-b75d14048fc1}</UniqueIdentifier>
    </Filter>
    <Filter Include="Light\xrDeflector">
      <UniqueIdentifier>{dd6e3c35-f7ae-4e82-b21d-28a9cf011a37}</UniqueIdentifier>
    </Filter>
    <Filter Include="Light\Mesh">
      <UniqueIdentifier>{43769f0c-d1fd-49b8-b183-a8456efc5708}</UniqueIdentifier>
    </Filter>
    <Filter Include="Light\serialize">
      <UniqueIdentifier>{6ce19065-889e-488c-bc36-c4332901120b}</UniqueIdentifier>
    </Filter>
    <Filter Include="Light\Lightmaps">
      <UniqueIdentifier>{4443daf0-44eb-475f-a184-eef58d6c7c0f}</UniqueIdentifier>
    </Filter>
    <Filter Include="Light\Textures">
      <UniqueIdentifier>{d5dd3e4a-ff7b-445c-a988-123ae58030ed}</UniqueIdentifier>
    </Filter>
    <Filter Include="Light\Lights">
      <UniqueIdentifier>{d85eefb6-0686-4f0b-afe9-10c2a82c38d1}</UniqueIdentifier>
    </Filter>
    <Filter Include="Light\color">
      <UniqueIdentifier>{d0ff8e53-d4ef-4a6b-a13f-0924d9a54658}</UniqueIdentifier>
    </Filter>
    <Filter Include="Light\LightVertex">
      <UniqueIdentifier>{8a5fb230-7158-4558-9754-025ce296f937}</UniqueIdentifier>
    </Filter>
    <Filter Include="do_light">
      <UniqueIdentifier>{d7b85aad-48bc-4ddc-b7cd-1e4ebfe72bda}</UniqueIdentifier>
    </Filter>
    <Filter Include="Light\Lights\HardwareCode">
      <UniqueIdentifier>{55774a83-4c49-4549-9e3a-382b135beb79}</UniqueIdentifier>
    </Filter>
  </ItemGroup>
  <ItemGroup>
    <ClInclude Include="_d3d_extensions.h">
      <Filter>kernel</Filter>
    </ClInclude>
    <ClInclude Include="stdafx.h">
      <Filter>kernel</Filter>
    </ClInclude>
    <ClInclude Include="xrLC_Light.h">
      <Filter>kernel</Filter>
    </ClInclude>
    <ClInclude Include="hash2D.h">
      <Filter>Light</Filter>
    </ClInclude>
    <ClInclude Include="vector_clear.h">
      <Filter>Light\xrLC_GlobalData</Filter>
    </ClInclude>
    <ClInclude Include="xrLC_GlobalData.h">
      <Filter>Light\xrLC_GlobalData</Filter>
    </ClInclude>
    <ClInclude Include="fitter.h">
      <Filter>Light\models</Filter>
    </ClInclude>
    <ClInclude Include="mu_model_face.h">
      <Filter>Light\models</Filter>
    </ClInclude>
    <ClInclude Include="mu_model_face_defs.h">
      <Filter>Light\models</Filter>
    </ClInclude>
    <ClInclude Include="xrMU_Model.h">
      <Filter>Light\models</Filter>
    </ClInclude>
    <ClInclude Include="xrMU_Model_Reference.h">
      <Filter>Light\models</Filter>
    </ClInclude>
    <ClInclude Include="mu_model_light.h">
      <Filter>Light\models\mu_light</Filter>
    </ClInclude>
    <ClInclude Include="mu_model_light_threads.h">
      <Filter>Light\models\mu_light</Filter>
    </ClInclude>
    <ClInclude Include="xrLight_Implicit.h">
      <Filter>Light\LightImplicit</Filter>
    </ClInclude>
    <ClInclude Include="xrLight_ImplicitCalcGlobs.h">
      <Filter>Light\LightImplicit</Filter>
    </ClInclude>
    <ClInclude Include="xrLight_ImplicitDeflector.h">
      <Filter>Light\LightImplicit</Filter>
    </ClInclude>
    <ClInclude Include="xrLight_ImplicitRun.h">
      <Filter>Light\LightImplicit</Filter>
    </ClInclude>
    <ClInclude Include="execute_statistics.h">
      <Filter>Light\xrDeflector</Filter>
    </ClInclude>
    <ClInclude Include="uv_tri.h">
      <Filter>Light\xrDeflector</Filter>
    </ClInclude>
    <ClInclude Include="xrDeflector.h">
      <Filter>Light\xrDeflector</Filter>
    </ClInclude>
    <ClInclude Include="xrDeflectorDefs.h">
      <Filter>Light\xrDeflector</Filter>
    </ClInclude>
    <ClInclude Include="xrImage_Resampler.h">
      <Filter>Light\xrDeflector</Filter>
    </ClInclude>
    <ClInclude Include="xrIsect.h">
      <Filter>Light\xrDeflector</Filter>
    </ClInclude>
    <ClInclude Include="base_basis.h">
      <Filter>Light\Mesh</Filter>
    </ClInclude>
    <ClInclude Include="base_face.h">
      <Filter>Light\Mesh</Filter>
    </ClInclude>
    <ClInclude Include="calculate_normals.h">
      <Filter>Light\Mesh</Filter>
    </ClInclude>
    <ClInclude Include="itterate_adjacents_static.h">
      <Filter>Light\Mesh</Filter>
    </ClInclude>
    <ClInclude Include="MeshStructure.h">
      <Filter>Light\Mesh</Filter>
    </ClInclude>
    <ClInclude Include="xrFace.h">
      <Filter>Light\Mesh</Filter>
    </ClInclude>
    <ClInclude Include="xrFaceDefs.h">
      <Filter>Light\Mesh</Filter>
    </ClInclude>
    <ClInclude Include="serialize.h">
      <Filter>Light\serialize</Filter>
    </ClInclude>
    <ClInclude Include="Lightmap.h">
      <Filter>Light\Lightmaps</Filter>
    </ClInclude>
    <ClInclude Include="lm_layer.h">
      <Filter>Light\Lightmaps</Filter>
    </ClInclude>
    <ClInclude Include="xrImage_Filter.h">
      <Filter>Light\Lightmaps</Filter>
    </ClInclude>
    <ClInclude Include="b_build_texture.h">
      <Filter>Light\Textures</Filter>
    </ClInclude>
    <ClInclude Include="ETextureParams.h">
      <Filter>Light\Textures</Filter>
    </ClInclude>
    <ClInclude Include="tcf.h">
      <Filter>Light\Textures</Filter>
    </ClInclude>
    <ClInclude Include="tga.h">
      <Filter>Light\Textures</Filter>
    </ClInclude>
    <ClInclude Include="base_lighting.h">
      <Filter>Light\Lights</Filter>
    </ClInclude>
    <ClInclude Include="light_point.h">
      <Filter>Light\Lights</Filter>
    </ClInclude>
    <ClInclude Include="R_light.h">
      <Filter>Light\Lights</Filter>
    </ClInclude>
    <ClInclude Include="base_color.h">
      <Filter>Light\color</Filter>
    </ClInclude>
    <ClInclude Include="xrLightVertex.h">
      <Filter>Light\LightVertex</Filter>
    </ClInclude>
    <ClInclude Include="detail_slot_calculate.h">
      <Filter>do_light</Filter>
    </ClInclude>
    <ClInclude Include="DetailFormat.h">
      <Filter>do_light</Filter>
    </ClInclude>
    <ClInclude Include="global_calculation_data.h">
      <Filter>do_light</Filter>
    </ClInclude>
    <ClInclude Include="global_slots_data.h">
      <Filter>do_light</Filter>
    </ClInclude>
    <ClInclude Include="LightThread.h">
      <Filter>do_light</Filter>
    </ClInclude>
    <ClInclude Include="recalculation.h">
      <Filter>do_light</Filter>
    </ClInclude>
    <ClInclude Include="..\Shader_xrLC.h" />
    <ClInclude Include="..\common\le_engine_communicate.hpp" />
    <ClInclude Include="xrHardwareLight.h">
      <Filter>Light\Lights</Filter>
    </ClInclude>
    <ClInclude Include="xrRayDefinition.h">
      <Filter>Light\Lights</Filter>
    </ClInclude>
    <ClInclude Include="DeviceBuffer.h">
      <Filter>Light\Lights</Filter>
    </ClInclude>
    <ClInclude Include="RadeonRaysGlobalObjects.h">
      <Filter>Light\Lights</Filter>
    </ClInclude>
    <ClInclude Include="resource.h" />
  </ItemGroup>
  <ItemGroup>
    <ClCompile Include="stdafx.cpp">
      <Filter>kernel</Filter>
    </ClCompile>
    <ClCompile Include="xrLC_Light.cpp">
      <Filter>kernel</Filter>
    </ClCompile>
    <ClCompile Include="MeshStaic.cpp">
      <Filter>Light\xrLC_GlobalData</Filter>
    </ClCompile>
    <ClCompile Include="xrLC_GlobalData.cpp">
      <Filter>Light\xrLC_GlobalData</Filter>
    </ClCompile>
    <ClCompile Include="fitter.cpp">
      <Filter>Light\models</Filter>
    </ClCompile>
    <ClCompile Include="mu_model_face.cpp">
      <Filter>Light\models</Filter>
    </ClCompile>
    <ClCompile Include="xrMU_Model.cpp">
      <Filter>Light\models</Filter>
    </ClCompile>
    <ClCompile Include="xrMU_Model_Calc_faceopacity.cpp">
      <Filter>Light\models</Filter>
    </ClCompile>
    <ClCompile Include="xrMU_Model_Calc_materials.cpp">
      <Filter>Light\models</Filter>
    </ClCompile>
    <ClCompile Include="xrMU_Model_Calc_normals.cpp">
      <Filter>Light\models</Filter>
    </ClCompile>
    <ClCompile Include="xrMU_Model_export_cform_rcast.cpp">
      <Filter>Light\models</Filter>
    </ClCompile>
    <ClCompile Include="xrMU_Model_Load.cpp">
      <Filter>Light\models</Filter>
    </ClCompile>
    <ClCompile Include="xrMU_Model_Reference.cpp">
      <Filter>Light\models</Filter>
    </ClCompile>
    <ClCompile Include="mu_model_light.cpp">
      <Filter>Light\models\mu_light</Filter>
    </ClCompile>
    <ClCompile Include="mu_model_light_threads.cpp">
      <Filter>Light\models\mu_light</Filter>
    </ClCompile>
    <ClCompile Include="xrMU_Model_Calc_lighting.cpp">
      <Filter>Light\models\mu_light</Filter>
    </ClCompile>
    <ClCompile Include="xrMU_Model_Reference_Calc_Lighting.cpp">
      <Filter>Light\models\mu_light</Filter>
    </ClCompile>
    <ClCompile Include="xrLight_Implicit.cpp">
      <Filter>Light\LightImplicit</Filter>
    </ClCompile>
    <ClCompile Include="xrLight_ImplicitCalcGlobs.cpp">
      <Filter>Light\LightImplicit</Filter>
    </ClCompile>
    <ClCompile Include="xrLight_ImplicitDeflector.cpp">
      <Filter>Light\LightImplicit</Filter>
    </ClCompile>
    <ClCompile Include="xrLight_ImplicitThread.cpp">
      <Filter>Light\LightImplicit</Filter>
    </ClCompile>
    <ClCompile Include="execute_statistics.cpp">
      <Filter>Light\xrDeflector</Filter>
    </ClCompile>
    <ClCompile Include="uv_tri.cpp">
      <Filter>Light\xrDeflector</Filter>
    </ClCompile>
    <ClCompile Include="xrDeflectoL_Direct.cpp">
      <Filter>Light\xrDeflector</Filter>
    </ClCompile>
    <ClCompile Include="xrDeflector.cpp">
      <Filter>Light\xrDeflector</Filter>
    </ClCompile>
    <ClCompile Include="xrDeflectorLight.cpp">
      <Filter>Light\xrDeflector</Filter>
    </ClCompile>
    <ClCompile Include="xrImage_Resampler.cpp">
      <Filter>Light\xrDeflector</Filter>
    </ClCompile>
    <ClCompile Include="base_basis.cpp">
      <Filter>Light\Mesh</Filter>
    </ClCompile>
    <ClCompile Include="base_face.cpp">
      <Filter>Light\Mesh</Filter>
    </ClCompile>
    <ClCompile Include="xrFace.cpp">
      <Filter>Light\Mesh</Filter>
    </ClCompile>
    <ClCompile Include="serialize.cpp">
      <Filter>Light\serialize</Filter>
    </ClCompile>
    <ClCompile Include="Lightmap.cpp">
      <Filter>Light\Lightmaps</Filter>
    </ClCompile>
    <ClCompile Include="lm_layer.cpp">
      <Filter>Light\Lightmaps</Filter>
    </ClCompile>
    <ClCompile Include="xrImage_Filter.cpp">
      <Filter>Light\Lightmaps</Filter>
    </ClCompile>
    <ClCompile Include="b_build_texture.cpp">
      <Filter>Light\Textures</Filter>
    </ClCompile>
    <ClCompile Include="ETextureParams.cpp">
      <Filter>Light\Textures</Filter>
    </ClCompile>
    <ClCompile Include="tcf.cpp">
      <Filter>Light\Textures</Filter>
    </ClCompile>
    <ClCompile Include="tga.cpp">
      <Filter>Light\Textures</Filter>
    </ClCompile>
    <ClCompile Include="base_lighting.cpp">
      <Filter>Light\Lights</Filter>
    </ClCompile>
    <ClCompile Include="base_color.cpp">
      <Filter>Light\color</Filter>
    </ClCompile>
    <ClCompile Include="xrLightVertex.cpp">
      <Filter>Light\LightVertex</Filter>
    </ClCompile>
    <ClCompile Include="compiler.cpp">
      <Filter>do_light</Filter>
    </ClCompile>
    <ClCompile Include="detail_slot_calculate.cpp">
      <Filter>do_light</Filter>
    </ClCompile>
    <ClCompile Include="global_calculation_data.cpp">
      <Filter>do_light</Filter>
    </ClCompile>
    <ClCompile Include="global_slots_data.cpp">
      <Filter>do_light</Filter>
    </ClCompile>
    <ClCompile Include="LightThread.cpp">
      <Filter>do_light</Filter>
    </ClCompile>
    <ClCompile Include="recalculation.cpp">
      <Filter>do_light</Filter>
    </ClCompile>
    <ClCompile Include="..\..\engine.vc2008\xrEngine\xrLoadSurface.cpp">
      <Filter>kernel</Filter>
    </ClCompile>
    <ClCompile Include="xrHardwareLight.cpp">
      <Filter>Light\Lights</Filter>
    </ClCompile>
  </ItemGroup>
  <ItemGroup>
    <None Include="LightPoint.cu">
      <Filter>Light\Lights\HardwareCode</Filter>
    </None>
  </ItemGroup>
  <ItemGroup>
    <ResourceCompile Include="xrLC_Light.rc" />
  </ItemGroup>
  <ItemGroup>
    <Text Include="LightPoint.cl" />
  </ItemGroup>
</Project>