<?xml version="1.0" encoding="utf-8"?>
<Project ToolsVersion="4.0" xmlns="http://schemas.microsoft.com/developer/msbuild/2003">
  <ItemGroup>
    <EmbeddedResource Include="MainForm.resx" />
    <EmbeddedResource Include="BoneEditor.resx" />
  </ItemGroup>
  <ItemGroup>
    <ClCompile Include="MeshEditor.cpp">
      <Filter>Interface</Filter>
    </ClCompile>
    <ClCompile Include="MeshReader.cpp">
      <Filter>Interface</Filter>
    </ClCompile>
    <ClCompile Include="Meshs.cpp">
      <Filter>Mesh</Filter>
    </ClCompile>
  </ItemGroup>
  <ItemGroup>
    <ClInclude Include="MainForm.h" />
    <ClInclude Include="BoneEditor.h" />
    <ClInclude Include="Meshs.h">
      <Filter>Mesh</Filter>
    </ClInclude>
  </ItemGroup>
  <ItemGroup>
    <Filter Include="Interface">
      <UniqueIdentifier>{e6a52789-9468-4782-ae00-7e179e6c4997}</UniqueIdentifier>
    </Filter>
    <Filter Include="Mesh">
      <UniqueIdentifier>{d9eb4027-80f3-43d0-b41d-a0c05e04b526}</UniqueIdentifier>
    </Filter>
  </ItemGroup>
</Project>