<?xml version="1.0" encoding="utf-8"?>
<Project ToolsVersion="4.0" xmlns="http://schemas.microsoft.com/developer/msbuild/2003">
  <ItemGroup>
    <Filter Include="core">
      <UniqueIdentifier>{113a9e8a-dd8b-4994-82d5-a4affedd1911}</UniqueIdentifier>
    </Filter>
    <Filter Include="core\fs">
      <UniqueIdentifier>{51256af0-c709-4484-b27b-a2cf4bf2e101}</UniqueIdentifier>
    </Filter>
    <Filter Include="For SDK">
      <UniqueIdentifier>{5c5aeca2-e355-4dd2-85cf-6a37ca17b02c}</UniqueIdentifier>
    </Filter>
    <Filter Include="For SDK\Interfaces">
      <UniqueIdentifier>{c9336ca7-e304-4018-895d-e81de175d886}</UniqueIdentifier>
    </Filter>
    <Filter Include="For SDK\FrameWork">
      <UniqueIdentifier>{6dc87d09-3110-4394-aa4a-e05c669f5612}</UniqueIdentifier>
    </Filter>
    <Filter Include="For SDK\Modules">
      <UniqueIdentifier>{6d894b96-5af3-4aea-9017-948f7d267bd4}</UniqueIdentifier>
    </Filter>
    <Filter Include="For SDK\Modules\Camera">
      <UniqueIdentifier>{13b87a7b-f3c2-4a0b-a3f8-43d05003b10b}</UniqueIdentifier>
    </Filter>
    <Filter Include="For SDK\Modules\Render">
      <UniqueIdentifier>{5d72af45-c01b-47e7-a548-39a763d71e23}</UniqueIdentifier>
    </Filter>
    <Filter Include="For SDK\Modules\NewFilter1">
      <UniqueIdentifier>{cb0952fd-0326-44cf-b461-fd1679ae62c3}</UniqueIdentifier>
    </Filter>
  </ItemGroup>
  <ItemGroup>
    <ClInclude Include="Pch.hpp" />
    <ClInclude Include="core\Core.hpp">
      <Filter>core</Filter>
    </ClInclude>
    <ClInclude Include="core\fs\FS.hpp">
      <Filter>core\fs</Filter>
    </ClInclude>
    <ClInclude Include="core\Types.hpp">
      <Filter>core</Filter>
    </ClInclude>
    <ClInclude Include="core\IPostProcessAnimator.hpp">
      <Filter>core</Filter>
    </ClInclude>
  </ItemGroup>
  <ItemGroup>
    <ClCompile Include="AssemblyInfo.cpp" />
    <ClCompile Include="Pch.cpp" />
    <ClCompile Include="core\Core.cpp">
      <Filter>core</Filter>
    </ClCompile>
    <ClCompile Include="core\fs\FS.cpp">
      <Filter>core\fs</Filter>
    </ClCompile>
    <ClCompile Include="core\IPostProcessAnimator.cpp">
      <Filter>core</Filter>
    </ClCompile>
  </ItemGroup>
</Project>