<?xml version="1.0" encoding="utf-8"?>
<Project ToolsVersion="4.0" xmlns="http://schemas.microsoft.com/developer/msbuild/2003">
  <ItemGroup>
    <Filter Include="Main">
      <UniqueIdentifier>{4ae108b9-40f0-4213-adef-8d90914007ec}</UniqueIdentifier>
    </Filter>
    <Filter Include="xrCompressorWnd">
      <UniqueIdentifier>{0d12377e-2f93-47e5-b0a9-41ecab03eed3}</UniqueIdentifier>
    </Filter>
  </ItemGroup>
  <ItemGroup>
    <ClCompile Include="main.cpp">
      <Filter>Main</Filter>
    </ClCompile>
    <ClCompile Include="StdAfx.cpp">
      <Filter>Main</Filter>
    </ClCompile>
    <ClCompile Include="xrCompress.cpp">
      <Filter>Main</Filter>
    </ClCompile>
    <ClCompile Include="xrCompressDifference.cpp">
      <Filter>Main</Filter>
    </ClCompile>
    <ClCompile Include="IParser.cpp">
      <Filter>xrCompressorWnd</Filter>
    </ClCompile>
    <ClCompile Include="xrCompressWnd.cpp">
      <Filter>xrCompressorWnd</Filter>
    </ClCompile>
  </ItemGroup>
  <ItemGroup>
    <ClInclude Include="StdAfx.h">
      <Filter>Main</Filter>
    </ClInclude>
    <ClInclude Include="xrCompress.h">
      <Filter>Main</Filter>
    </ClInclude>
    <ClInclude Include="resource.h" />
    <ClInclude Include="xrCompressWnd.h" />
    <ClInclude Include="IParserSystem.h">
      <Filter>xrCompressorWnd</Filter>
    </ClInclude>
  </ItemGroup>
  <ItemGroup>
    <ResourceCompile Include="xrCompress.rc" />
  </ItemGroup>
  <ItemGroup>
    <EmbeddedResource Include="xrCompressWnd.resx" />
  </ItemGroup>
  <ItemGroup>
    <Image Include="cop.ico" />
  </ItemGroup>
</Project>